<?xml version="1.0" encoding="UTF-8"?>
<!DOCTYPE plist PUBLIC "-//Apple//DTD PLIST 1.0//EN" "http://www.apple.com/DTDs/PropertyList-1.0.dtd">
<plist version="1.0">
<dict>
	<key>archiveVersion</key>
	<string>1</string>
	<key>classes</key>
	<dict/>
	<key>objectVersion</key>
	<string>46</string>
	<key>objects</key>
	<dict>
		<key>028BF304EC9A99AB85DEA4F9</key>
		<dict>
			<key>fileEncoding</key>
			<string>4</string>
			<key>isa</key>
			<string>PBXFileReference</string>
			<key>lastKnownFileType</key>
			<string>wrapper.cfbundle</string>
			<key>name</key>
			<string>uexCalendarView.bundle</string>
			<key>path</key>
			<string>uexCalendarView/uexCalendarView.bundle</string>
			<key>sourceTree</key>
			<string>&lt;group&gt;</string>
		</dict>
		<key>0DE1C3440EF56D2D16FEC798</key>
		<dict>
			<key>children</key>
			<array>
				<string>1F2A32766B5CF3C7AFB34340</string>
				<string>651F32332C32D21B8452A39D</string>
				<string>7DB742A15946E8DC962E3DB0</string>
				<string>C767C5C14CE426AAB3152ED2</string>
				<string>8A8115C9815E14486BFFAE78</string>
				<string>35EFF325AA58F0DFB0FE5F7D</string>
				<string>4C49ABE858D4E7EAF1BB4B85</string>
				<string>24671E76E31AB29AAEB78A25</string>
				<string>66BC2E9E8F15CA15A27E1D62</string>
				<string>1F6EB2443A8412F46F4C97F5</string>
				<string>36C9D4CCD94FC30668DCE4D0</string>
				<string>EFD5C630E593A7D368BB41A7</string>
				<string>AE7C98A98FC18DFAB042A1BF</string>
			</array>
			<key>isa</key>
			<string>PBXGroup</string>
			<key>path</key>
			<string>IDE-Frameworks</string>
			<key>sourceTree</key>
			<string>&lt;group&gt;</string>
		</dict>
		<key>1F2A32766B5CF3C7AFB34340</key>
		<dict>
			<key>fileEncoding</key>
			<string>4</string>
			<key>isa</key>
			<string>PBXFileReference</string>
			<key>lastKnownFileType</key>
			<string>wrapper.framework</string>
			<key>name</key>
			<string>MapKit.framework</string>
			<key>path</key>
			<string>System/Library/Frameworks/MapKit.framework</string>
			<key>sourceTree</key>
			<string>SDKROOT</string>
		</dict>
		<key>1F6EB2443A8412F46F4C97F5</key>
		<dict>
			<key>fileEncoding</key>
			<string>4</string>
			<key>isa</key>
			<string>PBXFileReference</string>
			<key>lastKnownFileType</key>
			<string>archive.ar</string>
			<key>name</key>
			<string>libc++.tbd</string>
			<key>path</key>
			<string>usr/lib/libc++.tbd</string>
			<key>sourceTree</key>
			<string>SDKROOT</string>
		</dict>
		<key>214053A21D1A7A3B0003A759</key>
		<dict>
			<key>fileRef</key>
			<string>214053A11D1A7A3B0003A759</string>
			<key>isa</key>
			<string>PBXBuildFile</string>
		</dict>
		<key>24671E76E31AB29AAEB78A25</key>
		<dict>
			<key>fileEncoding</key>
			<string>4</string>
			<key>isa</key>
			<string>PBXFileReference</string>
			<key>lastKnownFileType</key>
			<string>wrapper.framework</string>
			<key>name</key>
			<string>CoreGraphics.framework</string>
			<key>path</key>
			<string>System/Library/Frameworks/CoreGraphics.framework</string>
			<key>sourceTree</key>
			<string>SDKROOT</string>
		</dict>
		<key>35EFF325AA58F0DFB0FE5F7D</key>
		<dict>
			<key>fileEncoding</key>
			<string>4</string>
			<key>isa</key>
			<string>PBXFileReference</string>
			<key>lastKnownFileType</key>
			<string>wrapper.framework</string>
			<key>name</key>
			<string>MobileCoreServices.framework</string>
			<key>path</key>
			<string>System/Library/Frameworks/MobileCoreServices.framework</string>
			<key>sourceTree</key>
			<string>SDKROOT</string>
		</dict>
		<key>36C9D4CCD94FC30668DCE4D0</key>
		<dict>
			<key>fileEncoding</key>
			<string>4</string>
			<key>isa</key>
			<string>PBXFileReference</string>
			<key>lastKnownFileType</key>
			<string>archive.ar</string>
			<key>name</key>
			<string>libstdc++.tbd</string>
			<key>path</key>
			<string>usr/lib/libstdc++.tbd</string>
			<key>sourceTree</key>
			<string>SDKROOT</string>
		</dict>
		<key>39DC19EE19490BDCC8DA7265</key>
		<dict>
			<key>fileRef</key>
			<string>35EFF325AA58F0DFB0FE5F7D</string>
			<key>isa</key>
			<string>PBXBuildFile</string>
		</dict>
		<key>3C1AD5601BD5EF840091D2A1</key>
		<dict>
			<key>buildActionMask</key>
			<string>2147483647</string>
			<key>files</key>
			<array/>
			<key>isa</key>
			<string>PBXSourcesBuildPhase</string>
			<key>runOnlyForDeploymentPostprocessing</key>
			<string>0</string>
		</dict>
		<key>3C1AD5611BD5EF840091D2A1</key>
		<dict>
			<key>buildActionMask</key>
			<string>2147483647</string>
			<key>files</key>
			<array/>
			<key>isa</key>
			<string>PBXFrameworksBuildPhase</string>
			<key>runOnlyForDeploymentPostprocessing</key>
			<string>0</string>
		</dict>
		<key>3C1AD5621BD5EF840091D2A1</key>
		<dict>
			<key>buildActionMask</key>
			<string>2147483647</string>
			<key>files</key>
			<array>
				<string>42A5BE7F1C2BC7B2000D8B4E</string>
				<string>42A5BE7E1C2BC7B2000D8B4E</string>
				<string>42A5BE7D1C2BC7B2000D8B4E</string>
				<string>3C5190A71BE05EB300D6B67D</string>
				<string>42A5BE7C1C2BC7B2000D8B4E</string>
			</array>
			<key>isa</key>
			<string>PBXResourcesBuildPhase</string>
			<key>runOnlyForDeploymentPostprocessing</key>
			<string>0</string>
		</dict>
		<key>3C1AD5631BD5EF840091D2A1</key>
		<dict>
			<key>buildConfigurationList</key>
			<string>3C1AD5691BD5EF840091D2A1</string>
			<key>buildPhases</key>
			<array>
				<string>3C1AD5601BD5EF840091D2A1</string>
				<string>3C1AD5611BD5EF840091D2A1</string>
				<string>3C1AD5621BD5EF840091D2A1</string>
			</array>
			<key>buildRules</key>
			<array/>
			<key>dependencies</key>
			<array/>
			<key>isa</key>
			<string>PBXNativeTarget</string>
			<key>name</key>
			<string>uexCalendarViewBundle</string>
			<key>productName</key>
			<string>uexCalendarViewBundle</string>
			<key>productReference</key>
			<string>3C1AD5641BD5EF840091D2A1</string>
			<key>productType</key>
			<string>com.apple.product-type.bundle</string>
		</dict>
		<key>3C1AD5641BD5EF840091D2A1</key>
		<dict>
			<key>explicitFileType</key>
			<string>wrapper.cfbundle</string>
			<key>includeInIndex</key>
			<string>0</string>
			<key>isa</key>
			<string>PBXFileReference</string>
			<key>path</key>
			<string>uexCalendarView.bundle</string>
			<key>sourceTree</key>
			<string>BUILT_PRODUCTS_DIR</string>
		</dict>
		<key>3C1AD5651BD5EF840091D2A1</key>
		<dict>
			<key>children</key>
			<array>
				<string>42A5BE781C2BC7B2000D8B4E</string>
				<string>42A5BE791C2BC7B2000D8B4E</string>
				<string>42A5BE7A1C2BC7B2000D8B4E</string>
				<string>42A5BE7B1C2BC7B2000D8B4E</string>
				<string>3C5190A91BE05EB300D6B67D</string>
			</array>
			<key>isa</key>
			<string>PBXGroup</string>
			<key>path</key>
			<string>uexCalendarViewBundle</string>
			<key>sourceTree</key>
			<string>&lt;group&gt;</string>
		</dict>
		<key>3C1AD5671BD5EF840091D2A1</key>
		<dict>
			<key>buildSettings</key>
			<dict>
				<key>CLANG_WARN_UNREACHABLE_CODE</key>
				<string>YES</string>
				<key>COMBINE_HIDPI_IMAGES</key>
				<string>NO</string>
				<key>CONFIGURATION_BUILD_DIR</key>
				<string>$SRCROOT/uexCalendarView</string>
				<key>DEBUG_INFORMATION_FORMAT</key>
				<string>dwarf</string>
				<key>ENABLE_STRICT_OBJC_MSGSEND</key>
				<string>YES</string>
				<key>ENABLE_TESTABILITY</key>
				<string>YES</string>
				<key>GCC_NO_COMMON_BLOCKS</key>
				<string>YES</string>
				<key>INFOPLIST_FILE</key>
				<string></string>
				<key>INSTALL_PATH</key>
				<string>$(LOCAL_LIBRARY_DIR)/Bundles</string>
				<key>MACOSX_DEPLOYMENT_TARGET</key>
				<string>10.10</string>
				<key>MTL_ENABLE_DEBUG_INFO</key>
				<string>YES</string>
				<key>ONLY_ACTIVE_ARCH</key>
				<string>YES</string>
				<key>PRODUCT_BUNDLE_IDENTIFIER</key>
				<string>com.zywx.uexCalendarViewBundle</string>
				<key>PRODUCT_MODULE_NAME</key>
				<string>uexCalendarView</string>
				<key>PRODUCT_NAME</key>
				<string>uexCalendarView</string>
				<key>SDKROOT</key>
				<string>macosx</string>
				<key>SKIP_INSTALL</key>
				<string>YES</string>
				<key>WRAPPER_EXTENSION</key>
				<string>bundle</string>
			</dict>
			<key>isa</key>
			<string>XCBuildConfiguration</string>
			<key>name</key>
			<string>Debug</string>
		</dict>
		<key>3C1AD5681BD5EF840091D2A1</key>
		<dict>
			<key>buildSettings</key>
			<dict>
				<key>CLANG_WARN_UNREACHABLE_CODE</key>
				<string>YES</string>
				<key>COMBINE_HIDPI_IMAGES</key>
				<string>NO</string>
				<key>CONFIGURATION_BUILD_DIR</key>
				<string>$SRCROOT/uexCalendarView</string>
				<key>COPY_PHASE_STRIP</key>
				<string>NO</string>
				<key>DEBUG_INFORMATION_FORMAT</key>
				<string>dwarf</string>
				<key>ENABLE_STRICT_OBJC_MSGSEND</key>
				<string>YES</string>
				<key>GCC_NO_COMMON_BLOCKS</key>
				<string>YES</string>
				<key>INFOPLIST_FILE</key>
				<string></string>
				<key>INSTALL_PATH</key>
				<string>$(LOCAL_LIBRARY_DIR)/Bundles</string>
				<key>MACOSX_DEPLOYMENT_TARGET</key>
				<string>10.10</string>
				<key>MTL_ENABLE_DEBUG_INFO</key>
				<string>NO</string>
				<key>PRODUCT_BUNDLE_IDENTIFIER</key>
				<string>com.zywx.uexCalendarViewBundle</string>
				<key>PRODUCT_MODULE_NAME</key>
				<string>uexCalendarView</string>
				<key>PRODUCT_NAME</key>
				<string>uexCalendarView</string>
				<key>SDKROOT</key>
				<string>macosx</string>
				<key>SKIP_INSTALL</key>
				<string>YES</string>
				<key>WRAPPER_EXTENSION</key>
				<string>bundle</string>
			</dict>
			<key>isa</key>
			<string>XCBuildConfiguration</string>
			<key>name</key>
			<string>Release</string>
		</dict>
		<key>3C1AD5691BD5EF840091D2A1</key>
		<dict>
			<key>buildConfigurations</key>
			<array>
				<string>3C1AD5671BD5EF840091D2A1</string>
				<string>3C1AD5681BD5EF840091D2A1</string>
			</array>
			<key>defaultConfigurationIsVisible</key>
			<string>0</string>
			<key>defaultConfigurationName</key>
			<string>Release</string>
			<key>isa</key>
			<string>XCConfigurationList</string>
		</dict>
		<key>3C1AD56A1BD5EFE40091D2A1</key>
		<dict>
			<key>containerPortal</key>
			<string>6EE003891A6BFD9E00BD3711</string>
			<key>isa</key>
			<string>PBXContainerItemProxy</string>
			<key>proxyType</key>
			<string>1</string>
			<key>remoteGlobalIDString</key>
			<string>3C1AD5631BD5EF840091D2A1</string>
			<key>remoteInfo</key>
			<string>uexCalendarViewBundle</string>
		</dict>
		<key>3C1AD56B1BD5EFE40091D2A1</key>
		<dict>
			<key>isa</key>
			<string>PBXTargetDependency</string>
			<key>target</key>
			<string>3C1AD5631BD5EF840091D2A1</string>
			<key>targetProxy</key>
			<string>3C1AD56A1BD5EFE40091D2A1</string>
		</dict>
		<key>3C5190A71BE05EB300D6B67D</key>
		<dict>
			<key>fileRef</key>
			<string>3C5190A91BE05EB300D6B67D</string>
			<key>isa</key>
			<string>PBXBuildFile</string>
		</dict>
		<key>3C5190A81BE05EB300D6B67D</key>
		<dict>
			<key>isa</key>
			<string>PBXFileReference</string>
			<key>lastKnownFileType</key>
			<string>text.plist.strings</string>
			<key>name</key>
			<string>en</string>
			<key>path</key>
			<string>en.lproj/Localizable.strings</string>
			<key>sourceTree</key>
			<string>&lt;group&gt;</string>
		</dict>
		<key>3C5190A91BE05EB300D6B67D</key>
		<dict>
			<key>children</key>
			<array>
				<string>3C5190A81BE05EB300D6B67D</string>
				<string>3C5190AA1BE05EB400D6B67D</string>
			</array>
			<key>isa</key>
			<string>PBXVariantGroup</string>
			<key>name</key>
			<string>Localizable.strings</string>
			<key>sourceTree</key>
			<string>&lt;group&gt;</string>
		</dict>
		<key>3C5190AA1BE05EB400D6B67D</key>
		<dict>
			<key>isa</key>
			<string>PBXFileReference</string>
			<key>lastKnownFileType</key>
			<string>text.plist.strings</string>
			<key>name</key>
			<string>zh-Hans</string>
			<key>path</key>
			<string>zh-Hans.lproj/Localizable.strings</string>
			<key>sourceTree</key>
			<string>&lt;group&gt;</string>
		</dict>
		<key>42A5BE781C2BC7B2000D8B4E</key>
		<dict>
			<key>isa</key>
			<string>PBXFileReference</string>
			<key>lastKnownFileType</key>
			<string>image.png</string>
			<key>path</key>
			<string>uexCalendarView_plugin_indicator@2x.png</string>
			<key>sourceTree</key>
			<string>&lt;group&gt;</string>
		</dict>
		<key>42A5BE791C2BC7B2000D8B4E</key>
		<dict>
			<key>isa</key>
			<string>PBXFileReference</string>
			<key>lastKnownFileType</key>
			<string>image.png</string>
			<key>path</key>
			<string>uexCalendarView_plugin_indicator@3x.png</string>
			<key>sourceTree</key>
			<string>&lt;group&gt;</string>
		</dict>
		<key>42A5BE7A1C2BC7B2000D8B4E</key>
		<dict>
			<key>isa</key>
			<string>PBXFileReference</string>
			<key>lastKnownFileType</key>
			<string>image.png</string>
			<key>path</key>
			<string>uexCalendarView_plugin_up@2x.png</string>
			<key>sourceTree</key>
			<string>&lt;group&gt;</string>
		</dict>
		<key>42A5BE7B1C2BC7B2000D8B4E</key>
		<dict>
			<key>isa</key>
			<string>PBXFileReference</string>
			<key>lastKnownFileType</key>
			<string>image.png</string>
			<key>path</key>
			<string>uexCalendarView_plugin_up@3x.png</string>
			<key>sourceTree</key>
			<string>&lt;group&gt;</string>
		</dict>
		<key>42A5BE7C1C2BC7B2000D8B4E</key>
		<dict>
			<key>fileRef</key>
			<string>42A5BE781C2BC7B2000D8B4E</string>
			<key>isa</key>
			<string>PBXBuildFile</string>
		</dict>
		<key>42A5BE7D1C2BC7B2000D8B4E</key>
		<dict>
			<key>fileRef</key>
			<string>42A5BE791C2BC7B2000D8B4E</string>
			<key>isa</key>
			<string>PBXBuildFile</string>
		</dict>
		<key>42A5BE7E1C2BC7B2000D8B4E</key>
		<dict>
			<key>fileRef</key>
			<string>42A5BE7A1C2BC7B2000D8B4E</string>
			<key>isa</key>
			<string>PBXBuildFile</string>
		</dict>
		<key>42A5BE7F1C2BC7B2000D8B4E</key>
		<dict>
			<key>fileRef</key>
			<string>42A5BE7B1C2BC7B2000D8B4E</string>
			<key>isa</key>
			<string>PBXBuildFile</string>
		</dict>
		<key>4C49ABE858D4E7EAF1BB4B85</key>
		<dict>
			<key>fileEncoding</key>
			<string>4</string>
			<key>isa</key>
			<string>PBXFileReference</string>
			<key>lastKnownFileType</key>
			<string>wrapper.framework</string>
			<key>name</key>
			<string>UIKit.framework</string>
			<key>path</key>
			<string>System/Library/Frameworks/UIKit.framework</string>
			<key>sourceTree</key>
			<string>SDKROOT</string>
		</dict>
		<key>54B7F33FD534187BE1BA867F</key>
		<dict>
			<key>fileEncoding</key>
			<string>4</string>
			<key>isa</key>
			<string>PBXFileReference</string>
			<key>lastKnownFileType</key>
			<string>text.plist.strings</string>
			<key>name</key>
			<string>info.plist</string>
			<key>path</key>
			<string>../../../AppCanPluginTools-iOS/resource/IDEPluginProjectPackageResource/info.plist</string>
			<key>sourceTree</key>
			<string>&lt;group&gt;</string>
		</dict>
		<key>570512EEAF63E64CF66E0A09</key>
		<dict>
			<key>fileRef</key>
			<string>028BF304EC9A99AB85DEA4F9</string>
			<key>isa</key>
			<string>PBXBuildFile</string>
		</dict>
		<key>60601F2D76C9158112AEEA9A</key>
		<dict>
			<key>buildActionMask</key>
			<string>2147483647</string>
			<key>files</key>
			<array>
				<string>BF3F0639EB922D7E0730E3C5</string>
			</array>
			<key>isa</key>
			<string>PBXResourcesBuildPhase</string>
			<key>runOnlyForDeploymentPostprocessing</key>
			<string>0</string>
		</dict>
		<key>651F32332C32D21B8452A39D</key>
		<dict>
			<key>fileEncoding</key>
			<string>4</string>
			<key>isa</key>
			<string>PBXFileReference</string>
			<key>lastKnownFileType</key>
			<string>wrapper.framework</string>
			<key>name</key>
			<string>AudioToolbox.framework</string>
			<key>path</key>
			<string>System/Library/Frameworks/AudioToolbox.framework</string>
			<key>sourceTree</key>
			<string>SDKROOT</string>
		</dict>
		<key>66BC2E9E8F15CA15A27E1D62</key>
		<dict>
			<key>fileEncoding</key>
			<string>4</string>
			<key>isa</key>
			<string>PBXFileReference</string>
			<key>lastKnownFileType</key>
			<string>wrapper.framework</string>
			<key>name</key>
			<string>QuartzCore.framework</string>
			<key>path</key>
			<string>System/Library/Frameworks/QuartzCore.framework</string>
			<key>sourceTree</key>
			<string>SDKROOT</string>
		</dict>
		<key>6EB62BCB1A9F54D9009C238A</key>
		<dict>
			<key>children</key>
			<array>
				<string>6EB62BCC1A9F54D9009C238A</string>
				<string>6EB62BE81A9F54D9009C238A</string>
				<string>6EB62BE91A9F54D9009C238A</string>
			</array>
			<key>isa</key>
			<string>PBXGroup</string>
			<key>path</key>
			<string>EUExCalendarView</string>
			<key>sourceTree</key>
			<string>&lt;group&gt;</string>
		</dict>
		<key>6EB62BCC1A9F54D9009C238A</key>
		<dict>
			<key>children</key>
			<array>
				<string>6EB62BCD1A9F54D9009C238A</string>
				<string>6EB62BCE1A9F54D9009C238A</string>
				<string>6EB62BCF1A9F54D9009C238A</string>
				<string>6EB62BD01A9F54D9009C238A</string>
				<string>6EB62BD11A9F54D9009C238A</string>
				<string>6EB62BD21A9F54D9009C238A</string>
				<string>6EB62BD31A9F54D9009C238A</string>
				<string>6EB62BD41A9F54D9009C238A</string>
				<string>6EB62BD51A9F54D9009C238A</string>
				<string>6EB62BD61A9F54D9009C238A</string>
				<string>6EB62BD71A9F54D9009C238A</string>
				<string>6EB62BD81A9F54D9009C238A</string>
				<string>6EB62BD91A9F54D9009C238A</string>
				<string>6EB62BDA1A9F54D9009C238A</string>
				<string>6EB62BDB1A9F54D9009C238A</string>
				<string>6EB62BDC1A9F54D9009C238A</string>
				<string>6EB62BDD1A9F54D9009C238A</string>
				<string>6EB62BDE1A9F54D9009C238A</string>
				<string>6EB62BDF1A9F54D9009C238A</string>
				<string>6EB62BE01A9F54D9009C238A</string>
				<string>6EB62BE11A9F54D9009C238A</string>
				<string>6EB62BE21A9F54D9009C238A</string>
				<string>6EB62BE31A9F54D9009C238A</string>
				<string>6EB62BE41A9F54D9009C238A</string>
				<string>6EB62BE51A9F54D9009C238A</string>
				<string>6EB62BE61A9F54D9009C238A</string>
				<string>6EB62BE71A9F54D9009C238A</string>
			</array>
			<key>isa</key>
			<string>PBXGroup</string>
			<key>path</key>
			<string>ABCalendarPicker</string>
			<key>sourceTree</key>
			<string>&lt;group&gt;</string>
		</dict>
		<key>6EB62BCD1A9F54D9009C238A</key>
		<dict>
			<key>fileEncoding</key>
			<string>4</string>
			<key>isa</key>
			<string>PBXFileReference</string>
			<key>lastKnownFileType</key>
			<string>sourcecode.c.h</string>
			<key>path</key>
			<string>ABCalendarPicker-Prefix.pch</string>
			<key>sourceTree</key>
			<string>&lt;group&gt;</string>
		</dict>
		<key>6EB62BCE1A9F54D9009C238A</key>
		<dict>
			<key>fileEncoding</key>
			<string>4</string>
			<key>isa</key>
			<string>PBXFileReference</string>
			<key>lastKnownFileType</key>
			<string>sourcecode.c.h</string>
			<key>path</key>
			<string>ABCalendarPicker.h</string>
			<key>sourceTree</key>
			<string>&lt;group&gt;</string>
		</dict>
		<key>6EB62BCF1A9F54D9009C238A</key>
		<dict>
			<key>fileEncoding</key>
			<string>4</string>
			<key>isa</key>
			<string>PBXFileReference</string>
			<key>lastKnownFileType</key>
			<string>sourcecode.c.objc</string>
			<key>path</key>
			<string>ABCalendarPicker.m</string>
			<key>sourceTree</key>
			<string>&lt;group&gt;</string>
		</dict>
		<key>6EB62BD01A9F54D9009C238A</key>
		<dict>
			<key>fileEncoding</key>
			<string>4</string>
			<key>isa</key>
			<string>PBXFileReference</string>
			<key>lastKnownFileType</key>
			<string>sourcecode.c.h</string>
			<key>path</key>
			<string>ABCalendarPickerDataSourceProtocol.h</string>
			<key>sourceTree</key>
			<string>&lt;group&gt;</string>
		</dict>
		<key>6EB62BD11A9F54D9009C238A</key>
		<dict>
			<key>fileEncoding</key>
			<string>4</string>
			<key>isa</key>
			<string>PBXFileReference</string>
			<key>lastKnownFileType</key>
			<string>sourcecode.c.h</string>
			<key>path</key>
			<string>ABCalendarPickerDateProviderProtocol.h</string>
			<key>sourceTree</key>
			<string>&lt;group&gt;</string>
		</dict>
		<key>6EB62BD21A9F54D9009C238A</key>
		<dict>
			<key>fileEncoding</key>
			<string>4</string>
			<key>isa</key>
			<string>PBXFileReference</string>
			<key>lastKnownFileType</key>
			<string>sourcecode.c.h</string>
			<key>path</key>
			<string>ABCalendarPickerDefaultDaysProvider.h</string>
			<key>sourceTree</key>
			<string>&lt;group&gt;</string>
		</dict>
		<key>6EB62BD31A9F54D9009C238A</key>
		<dict>
			<key>fileEncoding</key>
			<string>4</string>
			<key>isa</key>
			<string>PBXFileReference</string>
			<key>lastKnownFileType</key>
			<string>sourcecode.c.objc</string>
			<key>path</key>
			<string>ABCalendarPickerDefaultDaysProvider.m</string>
			<key>sourceTree</key>
			<string>&lt;group&gt;</string>
		</dict>
		<key>6EB62BD41A9F54D9009C238A</key>
		<dict>
			<key>fileEncoding</key>
			<string>4</string>
			<key>isa</key>
			<string>PBXFileReference</string>
			<key>lastKnownFileType</key>
			<string>sourcecode.c.h</string>
			<key>path</key>
			<string>ABCalendarPickerDefaultErasProvider.h</string>
			<key>sourceTree</key>
			<string>&lt;group&gt;</string>
		</dict>
		<key>6EB62BD51A9F54D9009C238A</key>
		<dict>
			<key>fileEncoding</key>
			<string>4</string>
			<key>isa</key>
			<string>PBXFileReference</string>
			<key>lastKnownFileType</key>
			<string>sourcecode.c.objc</string>
			<key>path</key>
			<string>ABCalendarPickerDefaultErasProvider.m</string>
			<key>sourceTree</key>
			<string>&lt;group&gt;</string>
		</dict>
		<key>6EB62BD61A9F54D9009C238A</key>
		<dict>
			<key>fileEncoding</key>
			<string>4</string>
			<key>isa</key>
			<string>PBXFileReference</string>
			<key>lastKnownFileType</key>
			<string>sourcecode.c.h</string>
			<key>path</key>
			<string>ABCalendarPickerDefaultMonthsProvider.h</string>
			<key>sourceTree</key>
			<string>&lt;group&gt;</string>
		</dict>
		<key>6EB62BD71A9F54D9009C238A</key>
		<dict>
			<key>fileEncoding</key>
			<string>4</string>
			<key>isa</key>
			<string>PBXFileReference</string>
			<key>lastKnownFileType</key>
			<string>sourcecode.c.objc</string>
			<key>path</key>
			<string>ABCalendarPickerDefaultMonthsProvider.m</string>
			<key>sourceTree</key>
			<string>&lt;group&gt;</string>
		</dict>
		<key>6EB62BD81A9F54D9009C238A</key>
		<dict>
			<key>fileEncoding</key>
			<string>4</string>
			<key>isa</key>
			<string>PBXFileReference</string>
			<key>lastKnownFileType</key>
			<string>sourcecode.c.h</string>
			<key>path</key>
			<string>ABCalendarPickerDefaultSeasonedMonthsProvider.h</string>
			<key>sourceTree</key>
			<string>&lt;group&gt;</string>
		</dict>
		<key>6EB62BD91A9F54D9009C238A</key>
		<dict>
			<key>fileEncoding</key>
			<string>4</string>
			<key>isa</key>
			<string>PBXFileReference</string>
			<key>lastKnownFileType</key>
			<string>sourcecode.c.objc</string>
			<key>path</key>
			<string>ABCalendarPickerDefaultSeasonedMonthsProvider.m</string>
			<key>sourceTree</key>
			<string>&lt;group&gt;</string>
		</dict>
		<key>6EB62BDA1A9F54D9009C238A</key>
		<dict>
			<key>fileEncoding</key>
			<string>4</string>
			<key>isa</key>
			<string>PBXFileReference</string>
			<key>lastKnownFileType</key>
			<string>sourcecode.c.h</string>
			<key>path</key>
			<string>ABCalendarPickerDefaultStyleProvider.h</string>
			<key>sourceTree</key>
			<string>&lt;group&gt;</string>
		</dict>
		<key>6EB62BDB1A9F54D9009C238A</key>
		<dict>
			<key>fileEncoding</key>
			<string>4</string>
			<key>isa</key>
			<string>PBXFileReference</string>
			<key>lastKnownFileType</key>
			<string>sourcecode.c.objc</string>
			<key>path</key>
			<string>ABCalendarPickerDefaultStyleProvider.m</string>
			<key>sourceTree</key>
			<string>&lt;group&gt;</string>
		</dict>
		<key>6EB62BDC1A9F54D9009C238A</key>
		<dict>
			<key>fileEncoding</key>
			<string>4</string>
			<key>isa</key>
			<string>PBXFileReference</string>
			<key>lastKnownFileType</key>
			<string>sourcecode.c.h</string>
			<key>path</key>
			<string>ABCalendarPickerDefaultTripleWeekdaysProvider.h</string>
			<key>sourceTree</key>
			<string>&lt;group&gt;</string>
		</dict>
		<key>6EB62BDD1A9F54D9009C238A</key>
		<dict>
			<key>fileEncoding</key>
			<string>4</string>
			<key>isa</key>
			<string>PBXFileReference</string>
			<key>lastKnownFileType</key>
			<string>sourcecode.c.objc</string>
			<key>path</key>
			<string>ABCalendarPickerDefaultTripleWeekdaysProvider.m</string>
			<key>sourceTree</key>
			<string>&lt;group&gt;</string>
		</dict>
		<key>6EB62BDE1A9F54D9009C238A</key>
		<dict>
			<key>fileEncoding</key>
			<string>4</string>
			<key>isa</key>
			<string>PBXFileReference</string>
			<key>lastKnownFileType</key>
			<string>sourcecode.c.h</string>
			<key>path</key>
			<string>ABCalendarPickerDefaultWeekdaysProvider.h</string>
			<key>sourceTree</key>
			<string>&lt;group&gt;</string>
		</dict>
		<key>6EB62BDF1A9F54D9009C238A</key>
		<dict>
			<key>fileEncoding</key>
			<string>4</string>
			<key>isa</key>
			<string>PBXFileReference</string>
			<key>lastKnownFileType</key>
			<string>sourcecode.c.objc</string>
			<key>path</key>
			<string>ABCalendarPickerDefaultWeekdaysProvider.m</string>
			<key>sourceTree</key>
			<string>&lt;group&gt;</string>
		</dict>
		<key>6EB62BE01A9F54D9009C238A</key>
		<dict>
			<key>fileEncoding</key>
			<string>4</string>
			<key>isa</key>
			<string>PBXFileReference</string>
			<key>lastKnownFileType</key>
			<string>sourcecode.c.h</string>
			<key>path</key>
			<string>ABCalendarPickerDefaultYearsProvider.h</string>
			<key>sourceTree</key>
			<string>&lt;group&gt;</string>
		</dict>
		<key>6EB62BE11A9F54D9009C238A</key>
		<dict>
			<key>fileEncoding</key>
			<string>4</string>
			<key>isa</key>
			<string>PBXFileReference</string>
			<key>lastKnownFileType</key>
			<string>sourcecode.c.objc</string>
			<key>path</key>
			<string>ABCalendarPickerDefaultYearsProvider.m</string>
			<key>sourceTree</key>
			<string>&lt;group&gt;</string>
		</dict>
		<key>6EB62BE21A9F54D9009C238A</key>
		<dict>
			<key>fileEncoding</key>
			<string>4</string>
			<key>isa</key>
			<string>PBXFileReference</string>
			<key>lastKnownFileType</key>
			<string>sourcecode.c.h</string>
			<key>path</key>
			<string>ABCalendarPickerDelegateProtocol.h</string>
			<key>sourceTree</key>
			<string>&lt;group&gt;</string>
		</dict>
		<key>6EB62BE31A9F54D9009C238A</key>
		<dict>
			<key>fileEncoding</key>
			<string>4</string>
			<key>isa</key>
			<string>PBXFileReference</string>
			<key>lastKnownFileType</key>
			<string>sourcecode.c.h</string>
			<key>path</key>
			<string>ABCalendarPickerStyleProviderProtocol.h</string>
			<key>sourceTree</key>
			<string>&lt;group&gt;</string>
		</dict>
		<key>6EB62BE41A9F54D9009C238A</key>
		<dict>
			<key>fileEncoding</key>
			<string>4</string>
			<key>isa</key>
			<string>PBXFileReference</string>
			<key>lastKnownFileType</key>
			<string>sourcecode.c.h</string>
			<key>path</key>
			<string>ABViewPool.h</string>
			<key>sourceTree</key>
			<string>&lt;group&gt;</string>
		</dict>
		<key>6EB62BE51A9F54D9009C238A</key>
		<dict>
			<key>fileEncoding</key>
			<string>4</string>
			<key>isa</key>
			<string>PBXFileReference</string>
			<key>lastKnownFileType</key>
			<string>sourcecode.c.objc</string>
			<key>path</key>
			<string>ABViewPool.m</string>
			<key>sourceTree</key>
			<string>&lt;group&gt;</string>
		</dict>
		<key>6EB62BE61A9F54D9009C238A</key>
		<dict>
			<key>fileEncoding</key>
			<string>4</string>
			<key>isa</key>
			<string>PBXFileReference</string>
			<key>lastKnownFileType</key>
			<string>sourcecode.c.h</string>
			<key>path</key>
			<string>UIMyButton.h</string>
			<key>sourceTree</key>
			<string>&lt;group&gt;</string>
		</dict>
		<key>6EB62BE71A9F54D9009C238A</key>
		<dict>
			<key>fileEncoding</key>
			<string>4</string>
			<key>isa</key>
			<string>PBXFileReference</string>
			<key>lastKnownFileType</key>
			<string>sourcecode.c.objc</string>
			<key>path</key>
			<string>UIMyButton.m</string>
			<key>sourceTree</key>
			<string>&lt;group&gt;</string>
		</dict>
		<key>6EB62BE81A9F54D9009C238A</key>
		<dict>
			<key>fileEncoding</key>
			<string>4</string>
			<key>isa</key>
			<string>PBXFileReference</string>
			<key>lastKnownFileType</key>
			<string>sourcecode.c.h</string>
			<key>path</key>
			<string>EUExCalendarView.h</string>
			<key>sourceTree</key>
			<string>&lt;group&gt;</string>
		</dict>
		<key>6EB62BE91A9F54D9009C238A</key>
		<dict>
			<key>fileEncoding</key>
			<string>4</string>
			<key>isa</key>
			<string>PBXFileReference</string>
			<key>lastKnownFileType</key>
			<string>sourcecode.c.objc</string>
			<key>path</key>
			<string>EUExCalendarView.m</string>
			<key>sourceTree</key>
			<string>&lt;group&gt;</string>
		</dict>
		<key>6EB62BEF1A9F54D9009C238A</key>
		<dict>
			<key>fileRef</key>
			<string>6EB62BCF1A9F54D9009C238A</string>
			<key>isa</key>
			<string>PBXBuildFile</string>
			<key>settings</key>
			<dict>
				<key>COMPILER_FLAGS</key>
				<string>-fobjc-arc</string>
			</dict>
		</dict>
		<key>6EB62BF01A9F54D9009C238A</key>
		<dict>
			<key>fileRef</key>
			<string>6EB62BD31A9F54D9009C238A</string>
			<key>isa</key>
			<string>PBXBuildFile</string>
			<key>settings</key>
			<dict>
				<key>COMPILER_FLAGS</key>
				<string>-fobjc-arc</string>
			</dict>
		</dict>
		<key>6EB62BF11A9F54D9009C238A</key>
		<dict>
			<key>fileRef</key>
			<string>6EB62BD51A9F54D9009C238A</string>
			<key>isa</key>
			<string>PBXBuildFile</string>
			<key>settings</key>
			<dict>
				<key>COMPILER_FLAGS</key>
				<string>-fobjc-arc</string>
			</dict>
		</dict>
		<key>6EB62BF21A9F54D9009C238A</key>
		<dict>
			<key>fileRef</key>
			<string>6EB62BD71A9F54D9009C238A</string>
			<key>isa</key>
			<string>PBXBuildFile</string>
			<key>settings</key>
			<dict>
				<key>COMPILER_FLAGS</key>
				<string>-fobjc-arc</string>
			</dict>
		</dict>
		<key>6EB62BF31A9F54D9009C238A</key>
		<dict>
			<key>fileRef</key>
			<string>6EB62BD91A9F54D9009C238A</string>
			<key>isa</key>
			<string>PBXBuildFile</string>
			<key>settings</key>
			<dict>
				<key>COMPILER_FLAGS</key>
				<string>-fobjc-arc</string>
			</dict>
		</dict>
		<key>6EB62BF41A9F54D9009C238A</key>
		<dict>
			<key>fileRef</key>
			<string>6EB62BDB1A9F54D9009C238A</string>
			<key>isa</key>
			<string>PBXBuildFile</string>
			<key>settings</key>
			<dict>
				<key>COMPILER_FLAGS</key>
				<string>-fobjc-arc</string>
			</dict>
		</dict>
		<key>6EB62BF51A9F54D9009C238A</key>
		<dict>
			<key>fileRef</key>
			<string>6EB62BDD1A9F54D9009C238A</string>
			<key>isa</key>
			<string>PBXBuildFile</string>
			<key>settings</key>
			<dict>
				<key>COMPILER_FLAGS</key>
				<string>-fobjc-arc</string>
			</dict>
		</dict>
		<key>6EB62BF61A9F54D9009C238A</key>
		<dict>
			<key>fileRef</key>
			<string>6EB62BDF1A9F54D9009C238A</string>
			<key>isa</key>
			<string>PBXBuildFile</string>
			<key>settings</key>
			<dict>
				<key>COMPILER_FLAGS</key>
				<string>-fobjc-arc</string>
			</dict>
		</dict>
		<key>6EB62BF71A9F54D9009C238A</key>
		<dict>
			<key>fileRef</key>
			<string>6EB62BE11A9F54D9009C238A</string>
			<key>isa</key>
			<string>PBXBuildFile</string>
			<key>settings</key>
			<dict>
				<key>COMPILER_FLAGS</key>
				<string>-fobjc-arc</string>
			</dict>
		</dict>
		<key>6EB62BF81A9F54D9009C238A</key>
		<dict>
			<key>fileRef</key>
			<string>6EB62BE51A9F54D9009C238A</string>
			<key>isa</key>
			<string>PBXBuildFile</string>
			<key>settings</key>
			<dict>
				<key>COMPILER_FLAGS</key>
				<string>-fobjc-arc</string>
			</dict>
		</dict>
		<key>6EB62BF91A9F54D9009C238A</key>
		<dict>
			<key>fileRef</key>
			<string>6EB62BE71A9F54D9009C238A</string>
			<key>isa</key>
			<string>PBXBuildFile</string>
			<key>settings</key>
			<dict>
				<key>COMPILER_FLAGS</key>
				<string>-fobjc-arc</string>
			</dict>
		</dict>
		<key>6EB62BFA1A9F54D9009C238A</key>
		<dict>
			<key>fileRef</key>
			<string>6EB62BE91A9F54D9009C238A</string>
			<key>isa</key>
			<string>PBXBuildFile</string>
		</dict>
		<key>6EE003881A6BFD9E00BD3711</key>
		<dict>
			<key>children</key>
			<array>
				<string>6EE003961A6BFD9E00BD3711</string>
				<string>3C1AD5651BD5EF840091D2A1</string>
				<string>6EE003931A6BFD9E00BD3711</string>
				<string>0DE1C3440EF56D2D16FEC798</string>
				<string>C58F9446F6074D40A9E9EF04</string>
				<string>028BF304EC9A99AB85DEA4F9</string>
				<string>6EE003921A6BFD9E00BD3711</string>
			</array>
			<key>isa</key>
			<string>PBXGroup</string>
			<key>sourceTree</key>
			<string>&lt;group&gt;</string>
		</dict>
		<key>6EE003891A6BFD9E00BD3711</key>
		<dict>
			<key>attributes</key>
			<dict>
				<key>LastUpgradeCheck</key>
				<string>0510</string>
				<key>ORGANIZATIONNAME</key>
				<string>hongbao.cui</string>
				<key>TargetAttributes</key>
				<dict>
					<key>3C1AD5631BD5EF840091D2A1</key>
					<dict>
						<key>CreatedOnToolsVersion</key>
						<string>7.0.1</string>
					</dict>
				</dict>
			</dict>
			<key>buildConfigurationList</key>
			<string>6EE0038C1A6BFD9E00BD3711</string>
			<key>compatibilityVersion</key>
			<string>Xcode 3.2</string>
			<key>developmentRegion</key>
			<string>English</string>
			<key>hasScannedForEncodings</key>
			<string>0</string>
			<key>isa</key>
			<string>PBXProject</string>
			<key>knownRegions</key>
			<array>
				<string>en</string>
				<string>zh-Hans</string>
			</array>
			<key>mainGroup</key>
			<string>6EE003881A6BFD9E00BD3711</string>
			<key>productRefGroup</key>
			<string>6EE003921A6BFD9E00BD3711</string>
			<key>projectDirPath</key>
			<string></string>
			<key>projectRoot</key>
			<string></string>
			<key>targets</key>
			<array>
				<string>6EE003901A6BFD9E00BD3711</string>
				<string>3C1AD5631BD5EF840091D2A1</string>
			</array>
		</dict>
		<key>6EE0038C1A6BFD9E00BD3711</key>
		<dict>
			<key>buildConfigurations</key>
			<array>
				<string>6EE003B21A6BFD9E00BD3711</string>
				<string>6EE003B31A6BFD9E00BD3711</string>
			</array>
			<key>defaultConfigurationIsVisible</key>
			<string>0</string>
			<key>defaultConfigurationName</key>
			<string>Release</string>
			<key>isa</key>
			<string>XCConfigurationList</string>
		</dict>
		<key>6EE0038D1A6BFD9E00BD3711</key>
		<dict>
			<key>buildActionMask</key>
			<string>2147483647</string>
			<key>files</key>
			<array>
				<string>6EB62BF51A9F54D9009C238A</string>
				<string>6EB62BF21A9F54D9009C238A</string>
				<string>6EB62BF01A9F54D9009C238A</string>
				<string>6EB62BFA1A9F54D9009C238A</string>
				<string>6EB62BF91A9F54D9009C238A</string>
				<string>6EB62BF71A9F54D9009C238A</string>
				<string>6EB62BEF1A9F54D9009C238A</string>
				<string>6EB62BF81A9F54D9009C238A</string>
				<string>6EB62BF31A9F54D9009C238A</string>
				<string>6EB62BF61A9F54D9009C238A</string>
				<string>6EB62BF41A9F54D9009C238A</string>
				<string>6EB62BF11A9F54D9009C238A</string>
			</array>
			<key>isa</key>
			<string>PBXSourcesBuildPhase</string>
			<key>runOnlyForDeploymentPostprocessing</key>
			<string>0</string>
		</dict>
		<key>6EE0038E1A6BFD9E00BD3711</key>
		<dict>
			<key>buildActionMask</key>
			<string>2147483647</string>
			<key>files</key>
			<array>
				<string>6EE003951A6BFD9E00BD3711</string>
				<string>81C959F66F8ED159E4A1B5C2</string>
				<string>7837ED3121B0A2DA52BD6698</string>
				<string>ACB200176FF76EC165D2A633</string>
				<string>AAEF50190E733F0990C94C07</string>
				<string>AA93FB44889746F057C99241</string>
				<string>39DC19EE19490BDCC8DA7265</string>
				<string>DFF40108DCF17D4BA25E96D1</string>
				<string>C1C9A1F1CD88CCB682631458</string>
				<string>E32A581467D6F81BB27DBEA0</string>
				<string>846D260D21FF40781DC09A7D</string>
				<string>6FB9CFC4454029AB5BC7EDB9</string>
				<string>A5A179476D30A50C1FC3794F</string>
				<string>C07DD0B314A0DD873279C5BC</string>
				<string>8E0541695CBE2D136B9CC077</string>
			</array>
			<key>isa</key>
			<string>PBXFrameworksBuildPhase</string>
			<key>runOnlyForDeploymentPostprocessing</key>
			<string>0</string>
		</dict>
		<key>6EE0038F1A6BFD9E00BD3711</key>
		<dict>
			<key>buildActionMask</key>
			<string>2147483647</string>
			<key>dstPath</key>
			<string>include/$(PRODUCT_NAME)</string>
			<key>dstSubfolderSpec</key>
			<string>16</string>
			<key>files</key>
			<array/>
			<key>isa</key>
			<string>PBXCopyFilesBuildPhase</string>
			<key>runOnlyForDeploymentPostprocessing</key>
			<string>0</string>
		</dict>
		<key>6EE003901A6BFD9E00BD3711</key>
		<dict>
			<key>buildConfigurationList</key>
			<string>6EE003B41A6BFD9E00BD3711</string>
			<key>buildPhases</key>
			<array>
				<string>6EE0038D1A6BFD9E00BD3711</string>
				<string>6EE0038E1A6BFD9E00BD3711</string>
				<string>60601F2D76C9158112AEEA9A</string>
			</array>
			<key>buildRules</key>
			<array/>
			<key>dependencies</key>
			<array>
				<string>3C1AD56B1BD5EFE40091D2A1</string>
			</array>
			<key>isa</key>
			<string>PBXNativeTarget</string>
			<key>name</key>
			<string>EUExCalendarView</string>
			<key>productName</key>
			<string>EUExCalendarView</string>
			<key>productReference</key>
			<string>6EE003911A6BFD9E00BD3711</string>
			<key>productType</key>
			<string>com.apple.product-type.framework</string>
		</dict>
		<key>6EE003911A6BFD9E00BD3711</key>
		<dict>
			<key>explicitFileType</key>
			<string>archive.ar</string>
			<key>includeInIndex</key>
			<string>0</string>
			<key>isa</key>
			<string>PBXFileReference</string>
			<key>name</key>
			<string>uexCalendarView.framework</string>
			<key>path</key>
			<string>uexCalendarView.framework</string>
			<key>sourceTree</key>
			<string>BUILT_PRODUCTS_DIR</string>
		</dict>
		<key>6EE003921A6BFD9E00BD3711</key>
		<dict>
			<key>children</key>
			<array>
				<string>6EE003911A6BFD9E00BD3711</string>
				<string>3C1AD5641BD5EF840091D2A1</string>
			</array>
			<key>isa</key>
			<string>PBXGroup</string>
			<key>name</key>
			<string>Products</string>
			<key>sourceTree</key>
			<string>&lt;group&gt;</string>
		</dict>
		<key>6EE003931A6BFD9E00BD3711</key>
		<dict>
			<key>children</key>
			<array>
				<string>6EE003941A6BFD9E00BD3711</string>
			</array>
			<key>isa</key>
			<string>PBXGroup</string>
			<key>name</key>
			<string>Frameworks</string>
			<key>sourceTree</key>
			<string>&lt;group&gt;</string>
		</dict>
		<key>6EE003941A6BFD9E00BD3711</key>
		<dict>
			<key>isa</key>
			<string>PBXFileReference</string>
			<key>lastKnownFileType</key>
			<string>wrapper.framework</string>
			<key>name</key>
			<string>Foundation.framework</string>
			<key>path</key>
			<string>System/Library/Frameworks/Foundation.framework</string>
			<key>sourceTree</key>
			<string>SDKROOT</string>
		</dict>
		<key>6EE003951A6BFD9E00BD3711</key>
		<dict>
			<key>fileRef</key>
			<string>6EE003941A6BFD9E00BD3711</string>
			<key>isa</key>
			<string>PBXBuildFile</string>
		</dict>
		<key>6EE003961A6BFD9E00BD3711</key>
		<dict>
			<key>children</key>
			<array>
				<string>6EB62BCB1A9F54D9009C238A</string>
				<string>6EE003BA1A6BFE1100BD3711</string>
				<string>6EE003971A6BFD9E00BD3711</string>
			</array>
			<key>isa</key>
			<string>PBXGroup</string>
			<key>path</key>
			<string>EUExCalendarView</string>
			<key>sourceTree</key>
			<string>&lt;group&gt;</string>
		</dict>
		<key>6EE003971A6BFD9E00BD3711</key>
		<dict>
			<key>children</key>
			<array>
				<string>6EE003981A6BFD9E00BD3711</string>
			</array>
			<key>isa</key>
			<string>PBXGroup</string>
			<key>name</key>
			<string>Supporting Files</string>
			<key>sourceTree</key>
			<string>&lt;group&gt;</string>
		</dict>
		<key>6EE003981A6BFD9E00BD3711</key>
		<dict>
			<key>isa</key>
			<string>PBXFileReference</string>
			<key>lastKnownFileType</key>
			<string>sourcecode.c.h</string>
			<key>path</key>
			<string>EUExCalendarView-Prefix.pch</string>
			<key>sourceTree</key>
			<string>&lt;group&gt;</string>
		</dict>
		<key>6EE003B21A6BFD9E00BD3711</key>
		<dict>
			<key>buildSettings</key>
			<dict>
				<key>ALWAYS_SEARCH_USER_PATHS</key>
				<string>NO</string>
				<key>CLANG_CXX_LANGUAGE_STANDARD</key>
				<string>gnu++0x</string>
				<key>CLANG_CXX_LIBRARY</key>
				<string>libc++</string>
				<key>CLANG_ENABLE_MODULES</key>
				<string>YES</string>
				<key>CLANG_ENABLE_OBJC_ARC</key>
				<string>YES</string>
				<key>CLANG_WARN_BOOL_CONVERSION</key>
				<string>YES</string>
				<key>CLANG_WARN_CONSTANT_CONVERSION</key>
				<string>YES</string>
				<key>CLANG_WARN_DIRECT_OBJC_ISA_USAGE</key>
				<string>YES_ERROR</string>
				<key>CLANG_WARN_EMPTY_BODY</key>
				<string>YES</string>
				<key>CLANG_WARN_ENUM_CONVERSION</key>
				<string>YES</string>
				<key>CLANG_WARN_INT_CONVERSION</key>
				<string>YES</string>
				<key>CLANG_WARN_OBJC_ROOT_CLASS</key>
				<string>YES_ERROR</string>
				<key>CLANG_WARN__DUPLICATE_METHOD_MATCH</key>
				<string>YES</string>
				<key>CONFIGURATION_BUILD_DIR</key>
				<string>$(SRCROOT)/uexCalendarView</string>
				<key>COPY_PHASE_STRIP</key>
				<string>NO</string>
				<key>DEBUG_INFORMATION_FORMAT</key>
				<string>dwarf</string>
				<key>GCC_C_LANGUAGE_STANDARD</key>
				<string>gnu99</string>
				<key>GCC_DYNAMIC_NO_PIC</key>
				<string>NO</string>
				<key>GCC_OPTIMIZATION_LEVEL</key>
				<string>0</string>
				<key>GCC_PREPROCESSOR_DEFINITIONS</key>
				<array>
					<string>DEBUG=1</string>
					<string>$(inherited)</string>
				</array>
				<key>GCC_SYMBOLS_PRIVATE_EXTERN</key>
				<string>NO</string>
				<key>GCC_WARN_64_TO_32_BIT_CONVERSION</key>
				<string>YES</string>
				<key>GCC_WARN_ABOUT_RETURN_TYPE</key>
				<string>YES_ERROR</string>
				<key>GCC_WARN_UNDECLARED_SELECTOR</key>
				<string>YES</string>
				<key>GCC_WARN_UNINITIALIZED_AUTOS</key>
				<string>YES_AGGRESSIVE</string>
				<key>GCC_WARN_UNUSED_FUNCTION</key>
				<string>YES</string>
				<key>GCC_WARN_UNUSED_VARIABLE</key>
				<string>YES</string>
				<key>IPHONEOS_DEPLOYMENT_TARGET</key>
				<string>8.0</string>
				<key>ONLY_ACTIVE_ARCH</key>
				<string>NO</string>
				<key>PRODUCT_NAME</key>
				<string>uexCalendarView</string>
				<key>SDKROOT</key>
				<string>iphoneos</string>
				<key>TARGETED_DEVICE_FAMILY</key>
				<string>1,2</string>
			</dict>
			<key>isa</key>
			<string>XCBuildConfiguration</string>
			<key>name</key>
			<string>Debug</string>
		</dict>
		<key>6EE003B31A6BFD9E00BD3711</key>
		<dict>
			<key>buildSettings</key>
			<dict>
				<key>ALWAYS_SEARCH_USER_PATHS</key>
				<string>NO</string>
				<key>CLANG_CXX_LANGUAGE_STANDARD</key>
				<string>gnu++0x</string>
				<key>CLANG_CXX_LIBRARY</key>
				<string>libc++</string>
				<key>CLANG_ENABLE_MODULES</key>
				<string>YES</string>
				<key>CLANG_ENABLE_OBJC_ARC</key>
				<string>YES</string>
				<key>CLANG_WARN_BOOL_CONVERSION</key>
				<string>YES</string>
				<key>CLANG_WARN_CONSTANT_CONVERSION</key>
				<string>YES</string>
				<key>CLANG_WARN_DIRECT_OBJC_ISA_USAGE</key>
				<string>YES_ERROR</string>
				<key>CLANG_WARN_EMPTY_BODY</key>
				<string>YES</string>
				<key>CLANG_WARN_ENUM_CONVERSION</key>
				<string>YES</string>
				<key>CLANG_WARN_INT_CONVERSION</key>
				<string>YES</string>
				<key>CLANG_WARN_OBJC_ROOT_CLASS</key>
				<string>YES_ERROR</string>
				<key>CLANG_WARN__DUPLICATE_METHOD_MATCH</key>
				<string>YES</string>
				<key>CONFIGURATION_BUILD_DIR</key>
				<string>$(SRCROOT)/uexCalendarView</string>
				<key>COPY_PHASE_STRIP</key>
				<string>YES</string>
				<key>DEBUG_INFORMATION_FORMAT</key>
				<string>dwarf</string>
				<key>ENABLE_NS_ASSERTIONS</key>
				<string>NO</string>
				<key>GCC_C_LANGUAGE_STANDARD</key>
				<string>gnu99</string>
				<key>GCC_WARN_64_TO_32_BIT_CONVERSION</key>
				<string>YES</string>
				<key>GCC_WARN_ABOUT_RETURN_TYPE</key>
				<string>YES_ERROR</string>
				<key>GCC_WARN_UNDECLARED_SELECTOR</key>
				<string>YES</string>
				<key>GCC_WARN_UNINITIALIZED_AUTOS</key>
				<string>YES_AGGRESSIVE</string>
				<key>GCC_WARN_UNUSED_FUNCTION</key>
				<string>YES</string>
				<key>GCC_WARN_UNUSED_VARIABLE</key>
				<string>YES</string>
				<key>IPHONEOS_DEPLOYMENT_TARGET</key>
				<string>8.0</string>
				<key>PRODUCT_NAME</key>
				<string>uexCalendarView</string>
				<key>SDKROOT</key>
				<string>iphoneos</string>
				<key>TARGETED_DEVICE_FAMILY</key>
				<string>1,2</string>
				<key>VALIDATE_PRODUCT</key>
				<string>YES</string>
			</dict>
			<key>isa</key>
			<string>XCBuildConfiguration</string>
			<key>name</key>
			<string>Release</string>
		</dict>
		<key>6EE003B41A6BFD9E00BD3711</key>
		<dict>
			<key>buildConfigurations</key>
			<array>
				<string>6EE003B51A6BFD9E00BD3711</string>
				<string>6EE003B61A6BFD9E00BD3711</string>
			</array>
			<key>defaultConfigurationIsVisible</key>
			<string>0</string>
			<key>defaultConfigurationName</key>
			<string>Release</string>
			<key>isa</key>
			<string>XCConfigurationList</string>
		</dict>
		<key>6EE003B51A6BFD9E00BD3711</key>
		<dict>
			<key>buildSettings</key>
			<dict>
				<key>ARCHS</key>
				<array>
					<string>armv7</string>
					<string>armv7s</string>
					<string>arm64</string>
				</array>
				<key>BUNDLE_IDENTIFIER</key>
				<string>com.zywx.runner</string>
				<key>CLANG_ENABLE_OBJC_ARC</key>
				<string>NO</string>
				<key>CONFIGURATION_BUILD_DIR</key>
				<string>$(SRCROOT)/uexCalendarView/IDE/</string>
				<key>DEBUG_INFORMATION_FORMAT</key>
				<string>dwarf</string>
				<key>DEFINES_MODULE</key>
				<string>YES</string>
				<key>DSTROOT</key>
				<string>/tmp/EUExCalendarView.dst</string>
				<key>DYLIB_COMPATIBILITY_VERSION</key>
				<string>1</string>
				<key>DYLIB_CURRENT_VERSION</key>
				<string>1</string>
				<key>DYLIB_INSTALL_NAME_BASE</key>
				<string>@rpath</string>
				<key>ENABLE_BITCODE</key>
				<string>NO</string>
				<key>FRAMEWORK_SEARCH_PATHS</key>
				<array>
					<string>$(inherited)</string>
					<string>$(PROJECT_DIR)/EUExCalendarView/engineHeader</string>
					<string>$(PROJECT_DIR)</string>
					<string>$(SRCROOT)/../../AppCanPluginTools-iOS/resource/IDEPluginProjectPackageResource</string>
				</array>
				<key>GCC_PRECOMPILE_PREFIX_HEADER</key>
				<string>YES</string>
				<key>GCC_PREFIX_HEADER</key>
				<string>EUExCalendarView/EUExCalendarView-Prefix.pch</string>
				<key>HEADER_SEARCH_PATHS</key>
				<array>
					<string>$(SRCROOT)/../../AppCanPluginTools-iOS/resource/IDEPluginProjectPackageResource</string>
				</array>
				<key>INFOPLIST_FILE</key>
				<string>$(SRCROOT)/../../AppCanPluginTools-iOS/resource/IDEPluginProjectPackageResource/info.plist</string>
				<key>INSTALL_PATH</key>
				<string>$(LOCAL_LIBRARY_DIR)/Frameworks</string>
				<key>IPHONEOS_DEPLOYMENT_TARGET</key>
				<string>8.0</string>
				<key>LD_RUNPATH_SEARCH_PATHS</key>
				<array>
					<string>$(inherited)</string>
					<string>@executable_path/Frameworks</string>
					<string>@executable_path</string>
					<string>@loader_path/Frameworks</string>
					<string>@loader_path</string>
				</array>
				<key>LIBRARY_SEARCH_PATHS</key>
				<array>
					<string>$(inherited)</string>
					<string>$(SRCROOT)/../../AppCanPluginTools-iOS/resource/IDEPluginProjectPackageResource</string>
				</array>
				<key>ONLY_ACTIVE_ARCH</key>
				<string>NO</string>
				<key>OTHER_LDFLAGS</key>
				<array>
					<string>-ObjC</string>
					<string>$(SRCROOT)/../../AppCanPluginTools-iOS/resource/IDEPluginProjectPackageResource/AppCanKit.framework/AppCanKit</string>
				</array>
				<key>PRODUCT_NAME</key>
				<string>uexCalendarView</string>
				<key>PROVISIONING_PROFILE</key>
				<string>3046553f-5c0d-4f94-8f3c-dd49ce267880</string>
				<key>SKIP_INSTALL</key>
				<string>YES</string>
			</dict>
			<key>isa</key>
			<string>XCBuildConfiguration</string>
			<key>name</key>
			<string>Debug</string>
		</dict>
		<key>6EE003B61A6BFD9E00BD3711</key>
		<dict>
			<key>buildSettings</key>
			<dict>
				<key>ARCHS</key>
				<array>
					<string>armv7</string>
					<string>armv7s</string>
					<string>arm64</string>
				</array>
				<key>BUNDLE_IDENTIFIER</key>
				<string>com.zywx.runner</string>
				<key>CLANG_ENABLE_OBJC_ARC</key>
				<string>NO</string>
				<key>CONFIGURATION_BUILD_DIR</key>
				<string>$(SRCROOT)/uexCalendarView/IDE/</string>
				<key>DEBUG_INFORMATION_FORMAT</key>
				<string>dwarf</string>
				<key>DEFINES_MODULE</key>
				<string>YES</string>
				<key>DSTROOT</key>
				<string>/tmp/EUExCalendarView.dst</string>
				<key>DYLIB_COMPATIBILITY_VERSION</key>
				<string>1</string>
				<key>DYLIB_CURRENT_VERSION</key>
				<string>1</string>
				<key>DYLIB_INSTALL_NAME_BASE</key>
				<string>@rpath</string>
				<key>ENABLE_BITCODE</key>
				<string>NO</string>
				<key>FRAMEWORK_SEARCH_PATHS</key>
				<array>
					<string>$(inherited)</string>
					<string>$(PROJECT_DIR)/EUExCalendarView/engineHeader</string>
					<string>$(PROJECT_DIR)</string>
					<string>$(SRCROOT)/../../AppCanPluginTools-iOS/resource/IDEPluginProjectPackageResource</string>
				</array>
				<key>GCC_PRECOMPILE_PREFIX_HEADER</key>
				<string>YES</string>
				<key>GCC_PREFIX_HEADER</key>
				<string>EUExCalendarView/EUExCalendarView-Prefix.pch</string>
				<key>HEADER_SEARCH_PATHS</key>
				<array>
					<string>$(SRCROOT)/../../AppCanPluginTools-iOS/resource/IDEPluginProjectPackageResource</string>
				</array>
				<key>INFOPLIST_FILE</key>
				<string>$(SRCROOT)/../../AppCanPluginTools-iOS/resource/IDEPluginProjectPackageResource/info.plist</string>
				<key>INSTALL_PATH</key>
				<string>$(LOCAL_LIBRARY_DIR)/Frameworks</string>
				<key>IPHONEOS_DEPLOYMENT_TARGET</key>
				<string>8.0</string>
				<key>LD_RUNPATH_SEARCH_PATHS</key>
				<array>
					<string>$(inherited)</string>
					<string>@executable_path/Frameworks</string>
					<string>@executable_path</string>
					<string>@loader_path/Frameworks</string>
					<string>@loader_path</string>
				</array>
				<key>LIBRARY_SEARCH_PATHS</key>
				<array>
					<string>$(inherited)</string>
					<string>$(SRCROOT)/../../AppCanPluginTools-iOS/resource/IDEPluginProjectPackageResource</string>
				</array>
				<key>ONLY_ACTIVE_ARCH</key>
				<string>NO</string>
				<key>OTHER_LDFLAGS</key>
				<array>
					<string>-ObjC</string>
					<string>$(SRCROOT)/../../AppCanPluginTools-iOS/resource/IDEPluginProjectPackageResource/AppCanKit.framework/AppCanKit</string>
				</array>
				<key>PRODUCT_NAME</key>
				<string>uexCalendarView</string>
				<key>PROVISIONING_PROFILE</key>
				<string>3046553f-5c0d-4f94-8f3c-dd49ce267880</string>
				<key>SKIP_INSTALL</key>
				<string>YES</string>
			</dict>
			<key>isa</key>
			<string>XCBuildConfiguration</string>
			<key>name</key>
			<string>Release</string>
		</dict>
		<key>6EE003BA1A6BFE1100BD3711</key>
		<dict>
			<key>children</key>
			<array>
				<string>214053A11D1A7A3B0003A759</string>
				<string>6EE003BC1A6BFE1100BD3711</string>
				<string>6EE003BD1A6BFE1100BD3711</string>
				<string>6EE003BE1A6BFE1100BD3711</string>
				<string>6EE003BF1A6BFE1100BD3711</string>
				<string>6EE003CD1A6BFE1100BD3711</string>
			</array>
			<key>isa</key>
			<string>PBXGroup</string>
			<key>path</key>
			<string>engineHeader</string>
			<key>sourceTree</key>
			<string>&lt;group&gt;</string>
		</dict>
		<key>6EE003BC1A6BFE1100BD3711</key>
		<dict>
			<key>fileEncoding</key>
			<string>4</string>
			<key>isa</key>
			<string>PBXFileReference</string>
			<key>lastKnownFileType</key>
			<string>sourcecode.c.h</string>
			<key>path</key>
			<string>EUExBaseDefine.h</string>
			<key>sourceTree</key>
			<string>&lt;group&gt;</string>
		</dict>
		<key>6EE003BD1A6BFE1100BD3711</key>
		<dict>
			<key>fileEncoding</key>
			<string>4</string>
			<key>isa</key>
			<string>PBXFileReference</string>
			<key>lastKnownFileType</key>
			<string>sourcecode.c.h</string>
			<key>path</key>
			<string>EUtility.h</string>
			<key>sourceTree</key>
			<string>&lt;group&gt;</string>
		</dict>
		<key>6EE003BE1A6BFE1100BD3711</key>
		<dict>
			<key>fileEncoding</key>
			<string>4</string>
			<key>isa</key>
			<string>PBXFileReference</string>
			<key>lastKnownFileType</key>
			<string>sourcecode.c.h</string>
			<key>path</key>
			<string>JSON.h</string>
			<key>sourceTree</key>
			<string>&lt;group&gt;</string>
		</dict>
		<key>6EE003BF1A6BFE1100BD3711</key>
		<dict>
			<key>children</key>
			<array>
				<string>6EE003C01A6BFE1100BD3711</string>
				<string>6EE003C11A6BFE1100BD3711</string>
				<string>6EE003C21A6BFE1100BD3711</string>
				<string>6EE003C31A6BFE1100BD3711</string>
				<string>6EE003C41A6BFE1100BD3711</string>
				<string>6EE003C51A6BFE1100BD3711</string>
				<string>6EE003C61A6BFE1100BD3711</string>
				<string>6EE003C71A6BFE1100BD3711</string>
				<string>6EE003C81A6BFE1100BD3711</string>
				<string>6EE003C91A6BFE1100BD3711</string>
				<string>6EE003CA1A6BFE1100BD3711</string>
				<string>6EE003CB1A6BFE1100BD3711</string>
				<string>6EE003CC1A6BFE1100BD3711</string>
			</array>
			<key>isa</key>
			<string>PBXGroup</string>
			<key>path</key>
			<string>SBJson</string>
			<key>sourceTree</key>
			<string>&lt;group&gt;</string>
		</dict>
		<key>6EE003C01A6BFE1100BD3711</key>
		<dict>
			<key>fileEncoding</key>
			<string>4</string>
			<key>isa</key>
			<string>PBXFileReference</string>
			<key>lastKnownFileType</key>
			<string>sourcecode.c.h</string>
			<key>path</key>
			<string>NSObject+SBJson.h</string>
			<key>sourceTree</key>
			<string>&lt;group&gt;</string>
		</dict>
		<key>6EE003C11A6BFE1100BD3711</key>
		<dict>
			<key>fileEncoding</key>
			<string>4</string>
			<key>isa</key>
			<string>PBXFileReference</string>
			<key>lastKnownFileType</key>
			<string>sourcecode.c.h</string>
			<key>path</key>
			<string>SBJson.h</string>
			<key>sourceTree</key>
			<string>&lt;group&gt;</string>
		</dict>
		<key>6EE003C21A6BFE1100BD3711</key>
		<dict>
			<key>fileEncoding</key>
			<string>4</string>
			<key>isa</key>
			<string>PBXFileReference</string>
			<key>lastKnownFileType</key>
			<string>sourcecode.c.h</string>
			<key>path</key>
			<string>SBJsonParser.h</string>
			<key>sourceTree</key>
			<string>&lt;group&gt;</string>
		</dict>
		<key>6EE003C31A6BFE1100BD3711</key>
		<dict>
			<key>fileEncoding</key>
			<string>4</string>
			<key>isa</key>
			<string>PBXFileReference</string>
			<key>lastKnownFileType</key>
			<string>sourcecode.c.h</string>
			<key>path</key>
			<string>SBJsonStreamParser.h</string>
			<key>sourceTree</key>
			<string>&lt;group&gt;</string>
		</dict>
		<key>6EE003C41A6BFE1100BD3711</key>
		<dict>
			<key>fileEncoding</key>
			<string>4</string>
			<key>isa</key>
			<string>PBXFileReference</string>
			<key>lastKnownFileType</key>
			<string>sourcecode.c.h</string>
			<key>path</key>
			<string>SBJsonStreamParserAccumulator.h</string>
			<key>sourceTree</key>
			<string>&lt;group&gt;</string>
		</dict>
		<key>6EE003C51A6BFE1100BD3711</key>
		<dict>
			<key>fileEncoding</key>
			<string>4</string>
			<key>isa</key>
			<string>PBXFileReference</string>
			<key>lastKnownFileType</key>
			<string>sourcecode.c.h</string>
			<key>path</key>
			<string>SBJsonStreamParserAdapter.h</string>
			<key>sourceTree</key>
			<string>&lt;group&gt;</string>
		</dict>
		<key>6EE003C61A6BFE1100BD3711</key>
		<dict>
			<key>fileEncoding</key>
			<string>4</string>
			<key>isa</key>
			<string>PBXFileReference</string>
			<key>lastKnownFileType</key>
			<string>sourcecode.c.h</string>
			<key>path</key>
			<string>SBJsonStreamParserState.h</string>
			<key>sourceTree</key>
			<string>&lt;group&gt;</string>
		</dict>
		<key>6EE003C71A6BFE1100BD3711</key>
		<dict>
			<key>fileEncoding</key>
			<string>4</string>
			<key>isa</key>
			<string>PBXFileReference</string>
			<key>lastKnownFileType</key>
			<string>sourcecode.c.h</string>
			<key>path</key>
			<string>SBJsonStreamWriter.h</string>
			<key>sourceTree</key>
			<string>&lt;group&gt;</string>
		</dict>
		<key>6EE003C81A6BFE1100BD3711</key>
		<dict>
			<key>fileEncoding</key>
			<string>4</string>
			<key>isa</key>
			<string>PBXFileReference</string>
			<key>lastKnownFileType</key>
			<string>sourcecode.c.h</string>
			<key>path</key>
			<string>SBJsonStreamWriterAccumulator.h</string>
			<key>sourceTree</key>
			<string>&lt;group&gt;</string>
		</dict>
		<key>6EE003C91A6BFE1100BD3711</key>
		<dict>
			<key>fileEncoding</key>
			<string>4</string>
			<key>isa</key>
			<string>PBXFileReference</string>
			<key>lastKnownFileType</key>
			<string>sourcecode.c.h</string>
			<key>path</key>
			<string>SBJsonStreamWriterState.h</string>
			<key>sourceTree</key>
			<string>&lt;group&gt;</string>
		</dict>
		<key>6EE003CA1A6BFE1100BD3711</key>
		<dict>
			<key>fileEncoding</key>
			<string>4</string>
			<key>isa</key>
			<string>PBXFileReference</string>
			<key>lastKnownFileType</key>
			<string>sourcecode.c.h</string>
			<key>path</key>
			<string>SBJsonTokeniser.h</string>
			<key>sourceTree</key>
			<string>&lt;group&gt;</string>
		</dict>
		<key>6EE003CB1A6BFE1100BD3711</key>
		<dict>
			<key>fileEncoding</key>
			<string>4</string>
			<key>isa</key>
			<string>PBXFileReference</string>
			<key>lastKnownFileType</key>
			<string>sourcecode.c.h</string>
			<key>path</key>
			<string>SBJsonUTF8Stream.h</string>
			<key>sourceTree</key>
			<string>&lt;group&gt;</string>
		</dict>
		<key>6EE003CC1A6BFE1100BD3711</key>
		<dict>
			<key>fileEncoding</key>
			<string>4</string>
			<key>isa</key>
			<string>PBXFileReference</string>
			<key>lastKnownFileType</key>
			<string>sourcecode.c.h</string>
			<key>path</key>
			<string>SBJsonWriter.h</string>
			<key>sourceTree</key>
			<string>&lt;group&gt;</string>
		</dict>
		<key>6EE003CD1A6BFE1100BD3711</key>
		<dict>
			<key>fileEncoding</key>
			<string>4</string>
			<key>isa</key>
			<string>PBXFileReference</string>
			<key>lastKnownFileType</key>
			<string>sourcecode.c.h</string>
			<key>path</key>
			<string>WidgetOneDelegate.h</string>
			<key>sourceTree</key>
			<string>&lt;group&gt;</string>
		</dict>
		<key>6FB9CFC4454029AB5BC7EDB9</key>
		<dict>
			<key>fileRef</key>
			<string>36C9D4CCD94FC30668DCE4D0</string>
			<key>isa</key>
			<string>PBXBuildFile</string>
		</dict>
		<key>7837ED3121B0A2DA52BD6698</key>
		<dict>
			<key>fileRef</key>
			<string>651F32332C32D21B8452A39D</string>
			<key>isa</key>
			<string>PBXBuildFile</string>
		</dict>
		<key>7DB742A15946E8DC962E3DB0</key>
		<dict>
			<key>fileEncoding</key>
			<string>4</string>
			<key>isa</key>
			<string>PBXFileReference</string>
			<key>lastKnownFileType</key>
			<string>wrapper.framework</string>
			<key>name</key>
			<string>SystemConfiguration.framework</string>
			<key>path</key>
			<string>System/Library/Frameworks/SystemConfiguration.framework</string>
			<key>sourceTree</key>
			<string>SDKROOT</string>
		</dict>
		<key>81C959F66F8ED159E4A1B5C2</key>
		<dict>
			<key>fileRef</key>
			<string>1F2A32766B5CF3C7AFB34340</string>
			<key>isa</key>
			<string>PBXBuildFile</string>
		</dict>
		<key>846D260D21FF40781DC09A7D</key>
		<dict>
			<key>fileRef</key>
			<string>1F6EB2443A8412F46F4C97F5</string>
			<key>isa</key>
			<string>PBXBuildFile</string>
		</dict>
		<key>8A8115C9815E14486BFFAE78</key>
		<dict>
			<key>fileEncoding</key>
			<string>4</string>
			<key>isa</key>
			<string>PBXFileReference</string>
			<key>lastKnownFileType</key>
			<string>wrapper.framework</string>
			<key>name</key>
			<string>CFNetWork.framework</string>
			<key>path</key>
			<string>System/Library/Frameworks/CFNetWork.framework</string>
			<key>sourceTree</key>
			<string>SDKROOT</string>
		</dict>
		<key>8E0541695CBE2D136B9CC077</key>
		<dict>
			<key>fileRef</key>
			<string>98B0C1E0DF4F4517B5880268</string>
			<key>isa</key>
			<string>PBXBuildFile</string>
		</dict>
		<key>98B0C1E0DF4F4517B5880268</key>
		<dict>
			<key>fileEncoding</key>
			<string>4</string>
			<key>isa</key>
			<string>PBXFileReference</string>
			<key>lastKnownFileType</key>
			<string>wrapper.framework</string>
			<key>name</key>
			<string>AppCanEngine.framework</string>
			<key>path</key>
			<string>../../../AppCanPluginTools-iOS/resource/IDEPluginProjectPackageResource/AppCanEngine.framework</string>
			<key>sourceTree</key>
			<string>&lt;group&gt;</string>
		</dict>
		<key>A5A179476D30A50C1FC3794F</key>
		<dict>
			<key>fileRef</key>
			<string>EFD5C630E593A7D368BB41A7</string>
			<key>isa</key>
			<string>PBXBuildFile</string>
		</dict>
		<key>AA93FB44889746F057C99241</key>
		<dict>
			<key>fileRef</key>
			<string>8A8115C9815E14486BFFAE78</string>
			<key>isa</key>
			<string>PBXBuildFile</string>
		</dict>
		<key>AAEF50190E733F0990C94C07</key>
		<dict>
			<key>fileRef</key>
			<string>C767C5C14CE426AAB3152ED2</string>
			<key>isa</key>
			<string>PBXBuildFile</string>
		</dict>
		<key>ACB200176FF76EC165D2A633</key>
		<dict>
			<key>fileRef</key>
			<string>7DB742A15946E8DC962E3DB0</string>
			<key>isa</key>
			<string>PBXBuildFile</string>
		</dict>
		<key>AE7C98A98FC18DFAB042A1BF</key>
		<dict>
			<key>fileEncoding</key>
			<string>4</string>
			<key>isa</key>
			<string>PBXFileReference</string>
			<key>lastKnownFileType</key>
			<string>archive.ar</string>
			<key>name</key>
			<string>libz.tbd</string>
			<key>path</key>
			<string>usr/lib/libz.tbd</string>
			<key>sourceTree</key>
			<string>SDKROOT</string>
		</dict>
		<key>BF3F0639EB922D7E0730E3C5</key>
		<dict>
			<key>fileRef</key>
			<string>028BF304EC9A99AB85DEA4F9</string>
			<key>isa</key>
			<string>PBXBuildFile</string>
		</dict>
		<key>C07DD0B314A0DD873279C5BC</key>
		<dict>
			<key>fileRef</key>
			<string>AE7C98A98FC18DFAB042A1BF</string>
			<key>isa</key>
			<string>PBXBuildFile</string>
		</dict>
		<key>C1C9A1F1CD88CCB682631458</key>
		<dict>
			<key>fileRef</key>
			<string>24671E76E31AB29AAEB78A25</string>
			<key>isa</key>
			<string>PBXBuildFile</string>
		</dict>
		<key>C58F9446F6074D40A9E9EF04</key>
		<dict>
			<key>children</key>
			<array>
				<string>98B0C1E0DF4F4517B5880268</string>
				<string>54B7F33FD534187BE1BA867F</string>
			</array>
			<key>isa</key>
			<string>PBXGroup</string>
			<key>path</key>
			<string>AppCanEngine</string>
			<key>sourceTree</key>
			<string>&lt;group&gt;</string>
		</dict>
		<key>C767C5C14CE426AAB3152ED2</key>
		<dict>
			<key>fileEncoding</key>
			<string>4</string>
			<key>isa</key>
			<string>PBXFileReference</string>
			<key>lastKnownFileType</key>
			<string>wrapper.framework</string>
			<key>name</key>
			<string>ImageIO.framework</string>
			<key>path</key>
			<string>System/Library/Frameworks/ImageIO.framework</string>
			<key>sourceTree</key>
			<string>SDKROOT</string>
		</dict>
		<key>DFF40108DCF17D4BA25E96D1</key>
		<dict>
			<key>fileRef</key>
			<string>4C49ABE858D4E7EAF1BB4B85</string>
			<key>isa</key>
			<string>PBXBuildFile</string>
		</dict>
		<key>E32A581467D6F81BB27DBEA0</key>
		<dict>
			<key>fileRef</key>
			<string>66BC2E9E8F15CA15A27E1D62</string>
			<key>isa</key>
			<string>PBXBuildFile</string>
		</dict>
		<key>EFD5C630E593A7D368BB41A7</key>
		<dict>
			<key>fileEncoding</key>
			<string>4</string>
			<key>isa</key>
			<string>PBXFileReference</string>
			<key>lastKnownFileType</key>
			<string>archive.ar</string>
			<key>name</key>
			<string>libsqlite3.tbd</string>
			<key>path</key>
			<string>usr/lib/libsqlite3.tbd</string>
			<key>sourceTree</key>
			<string>SDKROOT</string>
		</dict>
	</dict>
	<key>rootObject</key>
	<string>6EE003891A6BFD9E00BD3711</string>
</dict>
</plist>
