// !$*UTF8*$!
{
	archiveVersion = 1;
	classes = {
	};
	objectVersion = 46;
	objects = {

/* Begin PBXBuildFile section */
		215B13F91D78F72D00943E86 /* EUExCalendarView.m in Sources */ = {isa = PBXBuildFile; fileRef = 215B13F81D78F72D00943E86 /* EUExCalendarView.m */; };
		215B146A1D7912AE00943E86 /* AppCanKit.framework in Frameworks */ = {isa = PBXBuildFile; fileRef = 215B14481D7912AE00943E86 /* AppCanKit.framework */; };
		215B146B1D7912AE00943E86 /* CALayer+FSExtension.m in Sources */ = {isa = PBXBuildFile; fileRef = 215B144B1D7912AE00943E86 /* CALayer+FSExtension.m */; };
		215B146C1D7912AE00943E86 /* FSCalendar+DateTools.m in Sources */ = {isa = PBXBuildFile; fileRef = 215B144C1D7912AE00943E86 /* FSCalendar+DateTools.m */; };
		215B146D1D7912AE00943E86 /* FSCalendar+Deprecated.m in Sources */ = {isa = PBXBuildFile; fileRef = 215B144D1D7912AE00943E86 /* FSCalendar+Deprecated.m */; };
		215B146E1D7912AE00943E86 /* FSCalendar+IBExtension.m in Sources */ = {isa = PBXBuildFile; fileRef = 215B144F1D7912AE00943E86 /* FSCalendar+IBExtension.m */; };
		215B146F1D7912AE00943E86 /* FSCalendar.m in Sources */ = {isa = PBXBuildFile; fileRef = 215B14511D7912AE00943E86 /* FSCalendar.m */; };
		215B14701D7912AE00943E86 /* FSCalendarAnimator.m in Sources */ = {isa = PBXBuildFile; fileRef = 215B14531D7912AE00943E86 /* FSCalendarAnimator.m */; };
		215B14711D7912AE00943E86 /* FSCalendarAppearance.m in Sources */ = {isa = PBXBuildFile; fileRef = 215B14551D7912AE00943E86 /* FSCalendarAppearance.m */; };
		215B14721D7912AE00943E86 /* FSCalendarCell.m in Sources */ = {isa = PBXBuildFile; fileRef = 215B14571D7912AE00943E86 /* FSCalendarCell.m */; };
		215B14731D7912AE00943E86 /* FSCalendarCollectionView.m in Sources */ = {isa = PBXBuildFile; fileRef = 215B14591D7912AE00943E86 /* FSCalendarCollectionView.m */; };
		215B14741D7912AE00943E86 /* FSCalendarConstance.m in Sources */ = {isa = PBXBuildFile; fileRef = 215B145B1D7912AE00943E86 /* FSCalendarConstance.m */; };
		215B14751D7912AE00943E86 /* FSCalendarEventIndicator.m in Sources */ = {isa = PBXBuildFile; fileRef = 215B145E1D7912AE00943E86 /* FSCalendarEventIndicator.m */; };
		215B14761D7912AE00943E86 /* FSCalendarFlowLayout.m in Sources */ = {isa = PBXBuildFile; fileRef = 215B14601D7912AE00943E86 /* FSCalendarFlowLayout.m */; };
		215B14771D7912AE00943E86 /* FSCalendarHeader.m in Sources */ = {isa = PBXBuildFile; fileRef = 215B14621D7912AE00943E86 /* FSCalendarHeader.m */; };
		215B14781D7912AE00943E86 /* FSCalendarScopeHandle.m in Sources */ = {isa = PBXBuildFile; fileRef = 215B14641D7912AE00943E86 /* FSCalendarScopeHandle.m */; };
		215B14791D7912AE00943E86 /* FSCalendarStickyHeader.m in Sources */ = {isa = PBXBuildFile; fileRef = 215B14661D7912AE00943E86 /* FSCalendarStickyHeader.m */; };
		215B147A1D7912AE00943E86 /* UIView+FSExtension.m in Sources */ = {isa = PBXBuildFile; fileRef = 215B14691D7912AE00943E86 /* UIView+FSExtension.m */; };
/* End PBXBuildFile section */

/* Begin PBXCopyFilesBuildPhase section */
		215B13F11D78F72D00943E86 /* CopyFiles */ = {
			isa = PBXCopyFilesBuildPhase;
			buildActionMask = 2147483647;
			dstPath = "include/$(PRODUCT_NAME)";
			dstSubfolderSpec = 16;
			files = (
			);
			runOnlyForDeploymentPostprocessing = 0;
		};
/* End PBXCopyFilesBuildPhase section */

/* Begin PBXFileReference section */
		215B13F31D78F72D00943E86 /* libuexCalendarView.a */ = {isa = PBXFileReference; explicitFileType = archive.ar; includeInIndex = 0; path = libuexCalendarView.a; sourceTree = BUILT_PRODUCTS_DIR; };
		215B13F61D78F72D00943E86 /* EUExCalendarView.h */ = {isa = PBXFileReference; lastKnownFileType = sourcecode.c.h; path = EUExCalendarView.h; sourceTree = "<group>"; };
		215B13F81D78F72D00943E86 /* EUExCalendarView.m */ = {isa = PBXFileReference; lastKnownFileType = sourcecode.c.objc; path = EUExCalendarView.m; sourceTree = "<group>"; };
		215B14481D7912AE00943E86 /* AppCanKit.framework */ = {isa = PBXFileReference; lastKnownFileType = wrapper.framework; path = AppCanKit.framework; sourceTree = "<group>"; };
		215B144A1D7912AE00943E86 /* CALayer+FSExtension.h */ = {isa = PBXFileReference; fileEncoding = 4; lastKnownFileType = sourcecode.c.h; path = "CALayer+FSExtension.h"; sourceTree = "<group>"; };
		215B144B1D7912AE00943E86 /* CALayer+FSExtension.m */ = {isa = PBXFileReference; fileEncoding = 4; lastKnownFileType = sourcecode.c.objc; path = "CALayer+FSExtension.m"; sourceTree = "<group>"; };
		215B144C1D7912AE00943E86 /* FSCalendar+DateTools.m */ = {isa = PBXFileReference; fileEncoding = 4; lastKnownFileType = sourcecode.c.objc; path = "FSCalendar+DateTools.m"; sourceTree = "<group>"; };
		215B144D1D7912AE00943E86 /* FSCalendar+Deprecated.m */ = {isa = PBXFileReference; fileEncoding = 4; lastKnownFileType = sourcecode.c.objc; path = "FSCalendar+Deprecated.m"; sourceTree = "<group>"; };
		215B144E1D7912AE00943E86 /* FSCalendar+IBExtension.h */ = {isa = PBXFileReference; fileEncoding = 4; lastKnownFileType = sourcecode.c.h; path = "FSCalendar+IBExtension.h"; sourceTree = "<group>"; };
		215B144F1D7912AE00943E86 /* FSCalendar+IBExtension.m */ = {isa = PBXFileReference; fileEncoding = 4; lastKnownFileType = sourcecode.c.objc; path = "FSCalendar+IBExtension.m"; sourceTree = "<group>"; };
		215B14501D7912AE00943E86 /* FSCalendar.h */ = {isa = PBXFileReference; fileEncoding = 4; lastKnownFileType = sourcecode.c.h; path = FSCalendar.h; sourceTree = "<group>"; };
		215B14511D7912AE00943E86 /* FSCalendar.m */ = {isa = PBXFileReference; fileEncoding = 4; lastKnownFileType = sourcecode.c.objc; path = FSCalendar.m; sourceTree = "<group>"; };
		215B14521D7912AE00943E86 /* FSCalendarAnimator.h */ = {isa = PBXFileReference; fileEncoding = 4; lastKnownFileType = sourcecode.c.h; path = FSCalendarAnimator.h; sourceTree = "<group>"; };
		215B14531D7912AE00943E86 /* FSCalendarAnimator.m */ = {isa = PBXFileReference; fileEncoding = 4; lastKnownFileType = sourcecode.c.objc; path = FSCalendarAnimator.m; sourceTree = "<group>"; };
		215B14541D7912AE00943E86 /* FSCalendarAppearance.h */ = {isa = PBXFileReference; fileEncoding = 4; lastKnownFileType = sourcecode.c.h; path = FSCalendarAppearance.h; sourceTree = "<group>"; };
		215B14551D7912AE00943E86 /* FSCalendarAppearance.m */ = {isa = PBXFileReference; fileEncoding = 4; lastKnownFileType = sourcecode.c.objc; path = FSCalendarAppearance.m; sourceTree = "<group>"; };
		215B14561D7912AE00943E86 /* FSCalendarCell.h */ = {isa = PBXFileReference; fileEncoding = 4; lastKnownFileType = sourcecode.c.h; path = FSCalendarCell.h; sourceTree = "<group>"; };
		215B14571D7912AE00943E86 /* FSCalendarCell.m */ = {isa = PBXFileReference; fileEncoding = 4; lastKnownFileType = sourcecode.c.objc; path = FSCalendarCell.m; sourceTree = "<group>"; };
		215B14581D7912AE00943E86 /* FSCalendarCollectionView.h */ = {isa = PBXFileReference; fileEncoding = 4; lastKnownFileType = sourcecode.c.h; path = FSCalendarCollectionView.h; sourceTree = "<group>"; };
		215B14591D7912AE00943E86 /* FSCalendarCollectionView.m */ = {isa = PBXFileReference; fileEncoding = 4; lastKnownFileType = sourcecode.c.objc; path = FSCalendarCollectionView.m; sourceTree = "<group>"; };
		215B145A1D7912AE00943E86 /* FSCalendarConstance.h */ = {isa = PBXFileReference; fileEncoding = 4; lastKnownFileType = sourcecode.c.h; path = FSCalendarConstance.h; sourceTree = "<group>"; };
		215B145B1D7912AE00943E86 /* FSCalendarConstance.m */ = {isa = PBXFileReference; fileEncoding = 4; lastKnownFileType = sourcecode.c.objc; path = FSCalendarConstance.m; sourceTree = "<group>"; };
		215B145C1D7912AE00943E86 /* FSCalendarDynamicHeader.h */ = {isa = PBXFileReference; fileEncoding = 4; lastKnownFileType = sourcecode.c.h; path = FSCalendarDynamicHeader.h; sourceTree = "<group>"; };
		215B145D1D7912AE00943E86 /* FSCalendarEventIndicator.h */ = {isa = PBXFileReference; fileEncoding = 4; lastKnownFileType = sourcecode.c.h; path = FSCalendarEventIndicator.h; sourceTree = "<group>"; };
		215B145E1D7912AE00943E86 /* FSCalendarEventIndicator.m */ = {isa = PBXFileReference; fileEncoding = 4; lastKnownFileType = sourcecode.c.objc; path = FSCalendarEventIndicator.m; sourceTree = "<group>"; };
		215B145F1D7912AE00943E86 /* FSCalendarFlowLayout.h */ = {isa = PBXFileReference; fileEncoding = 4; lastKnownFileType = sourcecode.c.h; path = FSCalendarFlowLayout.h; sourceTree = "<group>"; };
		215B14601D7912AE00943E86 /* FSCalendarFlowLayout.m */ = {isa = PBXFileReference; fileEncoding = 4; lastKnownFileType = sourcecode.c.objc; path = FSCalendarFlowLayout.m; sourceTree = "<group>"; };
		215B14611D7912AE00943E86 /* FSCalendarHeader.h */ = {isa = PBXFileReference; fileEncoding = 4; lastKnownFileType = sourcecode.c.h; path = FSCalendarHeader.h; sourceTree = "<group>"; };
		215B14621D7912AE00943E86 /* FSCalendarHeader.m */ = {isa = PBXFileReference; fileEncoding = 4; lastKnownFileType = sourcecode.c.objc; path = FSCalendarHeader.m; sourceTree = "<group>"; };
		215B14631D7912AE00943E86 /* FSCalendarScopeHandle.h */ = {isa = PBXFileReference; fileEncoding = 4; lastKnownFileType = sourcecode.c.h; path = FSCalendarScopeHandle.h; sourceTree = "<group>"; };
		215B14641D7912AE00943E86 /* FSCalendarScopeHandle.m */ = {isa = PBXFileReference; fileEncoding = 4; lastKnownFileType = sourcecode.c.objc; path = FSCalendarScopeHandle.m; sourceTree = "<group>"; };
		215B14651D7912AE00943E86 /* FSCalendarStickyHeader.h */ = {isa = PBXFileReference; fileEncoding = 4; lastKnownFileType = sourcecode.c.h; path = FSCalendarStickyHeader.h; sourceTree = "<group>"; };
		215B14661D7912AE00943E86 /* FSCalendarStickyHeader.m */ = {isa = PBXFileReference; fileEncoding = 4; lastKnownFileType = sourcecode.c.objc; path = FSCalendarStickyHeader.m; sourceTree = "<group>"; };
		215B14671D7912AE00943E86 /* Info.plist */ = {isa = PBXFileReference; fileEncoding = 4; lastKnownFileType = text.plist.xml; path = Info.plist; sourceTree = "<group>"; };
		215B14681D7912AE00943E86 /* UIView+FSExtension.h */ = {isa = PBXFileReference; fileEncoding = 4; lastKnownFileType = sourcecode.c.h; path = "UIView+FSExtension.h"; sourceTree = "<group>"; };
		215B14691D7912AE00943E86 /* UIView+FSExtension.m */ = {isa = PBXFileReference; fileEncoding = 4; lastKnownFileType = sourcecode.c.objc; path = "UIView+FSExtension.m"; sourceTree = "<group>"; };
/* End PBXFileReference section */

/* Begin PBXFrameworksBuildPhase section */
		215B13F01D78F72D00943E86 /* Frameworks */ = {
			isa = PBXFrameworksBuildPhase;
			buildActionMask = 2147483647;
			files = (
				215B146A1D7912AE00943E86 /* AppCanKit.framework in Frameworks */,
			);
			runOnlyForDeploymentPostprocessing = 0;
		};
/* End PBXFrameworksBuildPhase section */

/* Begin PBXGroup section */
		215B13EA1D78F72D00943E86 = {
			isa = PBXGroup;
			children = (
				215B13F51D78F72D00943E86 /* EUExCalendarView */,
				215B13F41D78F72D00943E86 /* Products */,
			);
			sourceTree = "<group>";
		};
		215B13F41D78F72D00943E86 /* Products */ = {
			isa = PBXGroup;
			children = (
				215B13F31D78F72D00943E86 /* libuexCalendarView.a */,
			);
			name = Products;
			sourceTree = "<group>";
		};
		215B13F51D78F72D00943E86 /* EUExCalendarView */ = {
			isa = PBXGroup;
			children = (
				215B14471D7912AE00943E86 /* sourceCode */,
				215B13F61D78F72D00943E86 /* EUExCalendarView.h */,
				215B13F81D78F72D00943E86 /* EUExCalendarView.m */,
			);
			path = EUExCalendarView;
			sourceTree = "<group>";
		};
		215B14471D7912AE00943E86 /* sourceCode */ = {
			isa = PBXGroup;
			children = (
				215B14481D7912AE00943E86 /* AppCanKit.framework */,
				215B14491D7912AE00943E86 /* FSCalendar */,
			);
			path = sourceCode;
			sourceTree = "<group>";
		};
		215B14491D7912AE00943E86 /* FSCalendar */ = {
			isa = PBXGroup;
			children = (
				215B144A1D7912AE00943E86 /* CALayer+FSExtension.h */,
				215B144B1D7912AE00943E86 /* CALayer+FSExtension.m */,
				215B144C1D7912AE00943E86 /* FSCalendar+DateTools.m */,
				215B144D1D7912AE00943E86 /* FSCalendar+Deprecated.m */,
				215B144E1D7912AE00943E86 /* FSCalendar+IBExtension.h */,
				215B144F1D7912AE00943E86 /* FSCalendar+IBExtension.m */,
				215B14501D7912AE00943E86 /* FSCalendar.h */,
				215B14511D7912AE00943E86 /* FSCalendar.m */,
				215B14521D7912AE00943E86 /* FSCalendarAnimator.h */,
				215B14531D7912AE00943E86 /* FSCalendarAnimator.m */,
				215B14541D7912AE00943E86 /* FSCalendarAppearance.h */,
				215B14551D7912AE00943E86 /* FSCalendarAppearance.m */,
				215B14561D7912AE00943E86 /* FSCalendarCell.h */,
				215B14571D7912AE00943E86 /* FSCalendarCell.m */,
				215B14581D7912AE00943E86 /* FSCalendarCollectionView.h */,
				215B14591D7912AE00943E86 /* FSCalendarCollectionView.m */,
				215B145A1D7912AE00943E86 /* FSCalendarConstance.h */,
				215B145B1D7912AE00943E86 /* FSCalendarConstance.m */,
				215B145C1D7912AE00943E86 /* FSCalendarDynamicHeader.h */,
				215B145D1D7912AE00943E86 /* FSCalendarEventIndicator.h */,
				215B145E1D7912AE00943E86 /* FSCalendarEventIndicator.m */,
				215B145F1D7912AE00943E86 /* FSCalendarFlowLayout.h */,
				215B14601D7912AE00943E86 /* FSCalendarFlowLayout.m */,
				215B14611D7912AE00943E86 /* FSCalendarHeader.h */,
				215B14621D7912AE00943E86 /* FSCalendarHeader.m */,
				215B14631D7912AE00943E86 /* FSCalendarScopeHandle.h */,
				215B14641D7912AE00943E86 /* FSCalendarScopeHandle.m */,
				215B14651D7912AE00943E86 /* FSCalendarStickyHeader.h */,
				215B14661D7912AE00943E86 /* FSCalendarStickyHeader.m */,
				215B14671D7912AE00943E86 /* Info.plist */,
				215B14681D7912AE00943E86 /* UIView+FSExtension.h */,
				215B14691D7912AE00943E86 /* UIView+FSExtension.m */,
			);
			path = FSCalendar;
			sourceTree = "<group>";
		};
/* End PBXGroup section */

/* Begin PBXNativeTarget section */
		215B13F21D78F72D00943E86 /* EUExCalendarView */ = {
			isa = PBXNativeTarget;
			buildConfigurationList = 215B13FC1D78F72D00943E86 /* Build configuration list for PBXNativeTarget "EUExCalendarView" */;
			buildPhases = (
				215B13EF1D78F72D00943E86 /* Sources */,
				215B13F01D78F72D00943E86 /* Frameworks */,
				215B13F11D78F72D00943E86 /* CopyFiles */,
			);
			buildRules = (
			);
			dependencies = (
			);
			name = EUExCalendarView;
			productName = EUExCalendarView;
			productReference = 215B13F31D78F72D00943E86 /* libuexCalendarView.a */;
			productType = "com.apple.product-type.library.static";
		};
/* End PBXNativeTarget section */

/* Begin PBXProject section */
		215B13EB1D78F72D00943E86 /* Project object */ = {
			isa = PBXProject;
			attributes = {
				LastUpgradeCheck = 0730;
				ORGANIZATIONNAME = com.wzyu;
				TargetAttributes = {
					215B13F21D78F72D00943E86 = {
						CreatedOnToolsVersion = 7.3.1;
					};
				};
			};
			buildConfigurationList = 215B13EE1D78F72D00943E86 /* Build configuration list for PBXProject "EUExCalendarView" */;
			compatibilityVersion = "Xcode 3.2";
			developmentRegion = English;
			hasScannedForEncodings = 0;
			knownRegions = (
				en,
			);
			mainGroup = 215B13EA1D78F72D00943E86;
			productRefGroup = 215B13F41D78F72D00943E86 /* Products */;
			projectDirPath = "";
			projectRoot = "";
			targets = (
				215B13F21D78F72D00943E86 /* EUExCalendarView */,
			);
		};
/* End PBXProject section */

/* Begin PBXSourcesBuildPhase section */
		215B13EF1D78F72D00943E86 /* Sources */ = {
			isa = PBXSourcesBuildPhase;
			buildActionMask = 2147483647;
			files = (
				215B146C1D7912AE00943E86 /* FSCalendar+DateTools.m in Sources */,
				215B146E1D7912AE00943E86 /* FSCalendar+IBExtension.m in Sources */,
				215B14781D7912AE00943E86 /* FSCalendarScopeHandle.m in Sources */,
				215B146F1D7912AE00943E86 /* FSCalendar.m in Sources */,
				215B146D1D7912AE00943E86 /* FSCalendar+Deprecated.m in Sources */,
				215B14711D7912AE00943E86 /* FSCalendarAppearance.m in Sources */,
				215B147A1D7912AE00943E86 /* UIView+FSExtension.m in Sources */,
				215B14791D7912AE00943E86 /* FSCalendarStickyHeader.m in Sources */,
				215B14771D7912AE00943E86 /* FSCalendarHeader.m in Sources */,
				215B14741D7912AE00943E86 /* FSCalendarConstance.m in Sources */,
				215B14761D7912AE00943E86 /* FSCalendarFlowLayout.m in Sources */,
				215B146B1D7912AE00943E86 /* CALayer+FSExtension.m in Sources */,
				215B14751D7912AE00943E86 /* FSCalendarEventIndicator.m in Sources */,
				215B14721D7912AE00943E86 /* FSCalendarCell.m in Sources */,
				215B14731D7912AE00943E86 /* FSCalendarCollectionView.m in Sources */,
				215B13F91D78F72D00943E86 /* EUExCalendarView.m in Sources */,
				215B14701D7912AE00943E86 /* FSCalendarAnimator.m in Sources */,
			);
			runOnlyForDeploymentPostprocessing = 0;
		};
/* End PBXSourcesBuildPhase section */

/* Begin XCBuildConfiguration section */
		215B13FA1D78F72D00943E86 /* Debug */ = {
			isa = XCBuildConfiguration;
			buildSettings = {
				ALWAYS_SEARCH_USER_PATHS = NO;
				CLANG_ANALYZER_NONNULL = YES;
				CLANG_CXX_LANGUAGE_STANDARD = "gnu++0x";
				CLANG_CXX_LIBRARY = "libc++";
				CLANG_ENABLE_MODULES = YES;
				CLANG_ENABLE_OBJC_ARC = YES;
				CLANG_WARN_BOOL_CONVERSION = YES;
				CLANG_WARN_CONSTANT_CONVERSION = YES;
				CLANG_WARN_DIRECT_OBJC_ISA_USAGE = YES_ERROR;
				CLANG_WARN_EMPTY_BODY = YES;
				CLANG_WARN_ENUM_CONVERSION = YES;
				CLANG_WARN_INT_CONVERSION = YES;
				CLANG_WARN_OBJC_ROOT_CLASS = YES_ERROR;
				CLANG_WARN_UNREACHABLE_CODE = YES;
				CLANG_WARN__DUPLICATE_METHOD_MATCH = YES;
				"CODE_SIGN_IDENTITY[sdk=iphoneos*]" = "iPhone Developer";
				COPY_PHASE_STRIP = NO;
				DEBUG_INFORMATION_FORMAT = dwarf;
				ENABLE_STRICT_OBJC_MSGSEND = YES;
				ENABLE_TESTABILITY = YES;
				GCC_C_LANGUAGE_STANDARD = gnu99;
				GCC_DYNAMIC_NO_PIC = NO;
				GCC_NO_COMMON_BLOCKS = YES;
				GCC_OPTIMIZATION_LEVEL = 0;
				GCC_PREPROCESSOR_DEFINITIONS = (
					"DEBUG=1",
					"$(inherited)",
				);
				GCC_WARN_64_TO_32_BIT_CONVERSION = YES;
				GCC_WARN_ABOUT_RETURN_TYPE = YES_ERROR;
				GCC_WARN_UNDECLARED_SELECTOR = YES;
				GCC_WARN_UNINITIALIZED_AUTOS = YES_AGGRESSIVE;
				GCC_WARN_UNUSED_FUNCTION = YES;
				GCC_WARN_UNUSED_VARIABLE = YES;
				IPHONEOS_DEPLOYMENT_TARGET = 9.3;
				MTL_ENABLE_DEBUG_INFO = YES;
				ONLY_ACTIVE_ARCH = YES;
				SDKROOT = iphoneos;
			};
			name = Debug;
		};
		215B13FB1D78F72D00943E86 /* Release */ = {
			isa = XCBuildConfiguration;
			buildSettings = {
				ALWAYS_SEARCH_USER_PATHS = NO;
				CLANG_ANALYZER_NONNULL = YES;
				CLANG_CXX_LANGUAGE_STANDARD = "gnu++0x";
				CLANG_CXX_LIBRARY = "libc++";
				CLANG_ENABLE_MODULES = YES;
				CLANG_ENABLE_OBJC_ARC = YES;
				CLANG_WARN_BOOL_CONVERSION = YES;
				CLANG_WARN_CONSTANT_CONVERSION = YES;
				CLANG_WARN_DIRECT_OBJC_ISA_USAGE = YES_ERROR;
				CLANG_WARN_EMPTY_BODY = YES;
				CLANG_WARN_ENUM_CONVERSION = YES;
				CLANG_WARN_INT_CONVERSION = YES;
				CLANG_WARN_OBJC_ROOT_CLASS = YES_ERROR;
				CLANG_WARN_UNREACHABLE_CODE = YES;
				CLANG_WARN__DUPLICATE_METHOD_MATCH = YES;
				"CODE_SIGN_IDENTITY[sdk=iphoneos*]" = "iPhone Developer";
				COPY_PHASE_STRIP = NO;
				DEBUG_INFORMATION_FORMAT = "dwarf-with-dsym";
				ENABLE_NS_ASSERTIONS = NO;
				ENABLE_STRICT_OBJC_MSGSEND = YES;
				GCC_C_LANGUAGE_STANDARD = gnu99;
				GCC_NO_COMMON_BLOCKS = YES;
				GCC_WARN_64_TO_32_BIT_CONVERSION = YES;
				GCC_WARN_ABOUT_RETURN_TYPE = YES_ERROR;
				GCC_WARN_UNDECLARED_SELECTOR = YES;
				GCC_WARN_UNINITIALIZED_AUTOS = YES_AGGRESSIVE;
				GCC_WARN_UNUSED_FUNCTION = YES;
				GCC_WARN_UNUSED_VARIABLE = YES;
				IPHONEOS_DEPLOYMENT_TARGET = 9.3;
				MTL_ENABLE_DEBUG_INFO = NO;
				SDKROOT = iphoneos;
				VALIDATE_PRODUCT = YES;
			};
			name = Release;
		};
		215B13FD1D78F72D00943E86 /* Debug */ = {
			isa = XCBuildConfiguration;
			buildSettings = {
				CONFIGURATION_BUILD_DIR = "$(SRCROOT)/uexCalendarView";
				FRAMEWORK_SEARCH_PATHS = (
					"$(inherited)",
					"$(PROJECT_DIR)/EUExCalendarView/resourceCode",
					"$(PROJECT_DIR)/EUExCalendarView/sourceCode",
				);
				OTHER_LDFLAGS = "-ObjC";
				PRODUCT_NAME = uexCalendarView;
				SKIP_INSTALL = YES;
			};
			name = Debug;
		};
		215B13FE1D78F72D00943E86 /* Release */ = {
			isa = XCBuildConfiguration;
			buildSettings = {
				CONFIGURATION_BUILD_DIR = "$(SRCROOT)/uexCalendarView";
				FRAMEWORK_SEARCH_PATHS = (
					"$(inherited)",
					"$(PROJECT_DIR)/EUExCalendarView/resourceCode",
					"$(PROJECT_DIR)/EUExCalendarView/sourceCode",
				);
				OTHER_LDFLAGS = "-ObjC";
				PRODUCT_NAME = uexCalendarView;
				SKIP_INSTALL = YES;
			};
			name = Release;
		};
/* End XCBuildConfiguration section */

/* Begin XCConfigurationList section */
		215B13EE1D78F72D00943E86 /* Build configuration list for PBXProject "EUExCalendarView" */ = {
			isa = XCConfigurationList;
			buildConfigurations = (
				215B13FA1D78F72D00943E86 /* Debug */,
				215B13FB1D78F72D00943E86 /* Release */,
			);
			defaultConfigurationIsVisible = 0;
			defaultConfigurationName = Release;
		};
		215B13FC1D78F72D00943E86 /* Build configuration list for PBXNativeTarget "EUExCalendarView" */ = {
			isa = XCConfigurationList;
			buildConfigurations = (
				215B13FD1D78F72D00943E86 /* Debug */,
				215B13FE1D78F72D00943E86 /* Release */,
			);
			defaultConfigurationIsVisible = 0;
			defaultConfigurationName = Release;
		};
/* End XCConfigurationList section */
	};
	rootObject = 215B13EB1D78F72D00943E86 /* Project object */;
}
