// !$*UTF8*$!
{
	archiveVersion = 1;
	classes = {
	};
	objectVersion = 46;
	objects = {

/* Begin PBXBuildFile section */
		6EA84DB21AA04CD7008C0905 /* ABCalendarPicker.m in Sources */ = {isa = PBXBuildFile; fileRef = 6EA84D991AA04CD7008C0905 /* ABCalendarPicker.m */; settings = {COMPILER_FLAGS = "-fobjc-arc"; }; };
		6EA84DB31AA04CD7008C0905 /* ABCalendarPickerDefaultDaysProvider.m in Sources */ = {isa = PBXBuildFile; fileRef = 6EA84D9D1AA04CD7008C0905 /* ABCalendarPickerDefaultDaysProvider.m */; settings = {COMPILER_FLAGS = "-fobjc-arc"; }; };
		6EA84DB41AA04CD7008C0905 /* ABCalendarPickerDefaultErasProvider.m in Sources */ = {isa = PBXBuildFile; fileRef = 6EA84D9F1AA04CD7008C0905 /* ABCalendarPickerDefaultErasProvider.m */; settings = {COMPILER_FLAGS = "-fobjc-arc"; }; };
		6EA84DB51AA04CD7008C0905 /* ABCalendarPickerDefaultMonthsProvider.m in Sources */ = {isa = PBXBuildFile; fileRef = 6EA84DA11AA04CD7008C0905 /* ABCalendarPickerDefaultMonthsProvider.m */; settings = {COMPILER_FLAGS = "-fobjc-arc"; }; };
		6EA84DB61AA04CD7008C0905 /* ABCalendarPickerDefaultSeasonedMonthsProvider.m in Sources */ = {isa = PBXBuildFile; fileRef = 6EA84DA31AA04CD7008C0905 /* ABCalendarPickerDefaultSeasonedMonthsProvider.m */; settings = {COMPILER_FLAGS = "-fobjc-arc"; }; };
		6EA84DB71AA04CD7008C0905 /* ABCalendarPickerDefaultStyleProvider.m in Sources */ = {isa = PBXBuildFile; fileRef = 6EA84DA51AA04CD7008C0905 /* ABCalendarPickerDefaultStyleProvider.m */; settings = {COMPILER_FLAGS = "-fobjc-arc"; }; };
		6EA84DB81AA04CD7008C0905 /* ABCalendarPickerDefaultTripleWeekdaysProvider.m in Sources */ = {isa = PBXBuildFile; fileRef = 6EA84DA71AA04CD7008C0905 /* ABCalendarPickerDefaultTripleWeekdaysProvider.m */; settings = {COMPILER_FLAGS = "-fobjc-arc"; }; };
		6EA84DB91AA04CD7008C0905 /* ABCalendarPickerDefaultWeekdaysProvider.m in Sources */ = {isa = PBXBuildFile; fileRef = 6EA84DA91AA04CD7008C0905 /* ABCalendarPickerDefaultWeekdaysProvider.m */; settings = {COMPILER_FLAGS = "-fobjc-arc"; }; };
		6EA84DBA1AA04CD7008C0905 /* ABCalendarPickerDefaultYearsProvider.m in Sources */ = {isa = PBXBuildFile; fileRef = 6EA84DAB1AA04CD7008C0905 /* ABCalendarPickerDefaultYearsProvider.m */; settings = {COMPILER_FLAGS = "-fobjc-arc"; }; };
		6EA84DBB1AA04CD7008C0905 /* ABViewPool.m in Sources */ = {isa = PBXBuildFile; fileRef = 6EA84DAF1AA04CD7008C0905 /* ABViewPool.m */; settings = {COMPILER_FLAGS = "-fobjc-arc"; }; };
		6EA84DBC1AA04CD7008C0905 /* UIMyButton.m in Sources */ = {isa = PBXBuildFile; fileRef = 6EA84DB11AA04CD7008C0905 /* UIMyButton.m */; settings = {COMPILER_FLAGS = "-fobjc-arc"; }; };
		6EA84DBF1AA04CF0008C0905 /* EUExCalendarView.m in Sources */ = {isa = PBXBuildFile; fileRef = 6EA84DBE1AA04CF0008C0905 /* EUExCalendarView.m */; };
		6EE0043D1A6C007A00BD3711 /* Foundation.framework in Frameworks */ = {isa = PBXBuildFile; fileRef = 6EE0043C1A6C007A00BD3711 /* Foundation.framework */; };
		6EE004A81A6C018300BD3711 /* libsqlite3.0.dylib in Frameworks */ = {isa = PBXBuildFile; fileRef = 6EE004A71A6C018300BD3711 /* libsqlite3.0.dylib */; };
		6EE004AA1A6C018A00BD3711 /* QuartzCore.framework in Frameworks */ = {isa = PBXBuildFile; fileRef = 6EE004A91A6C018A00BD3711 /* QuartzCore.framework */; };
		6EE004AC1A6C019300BD3711 /* CoreGraphics.framework in Frameworks */ = {isa = PBXBuildFile; fileRef = 6EE004AB1A6C019300BD3711 /* CoreGraphics.framework */; };
		6EE004AE1A6C01A100BD3711 /* SystemConfiguration.framework in Frameworks */ = {isa = PBXBuildFile; fileRef = 6EE004AD1A6C01A100BD3711 /* SystemConfiguration.framework */; };
		6EE004B01A6C01A800BD3711 /* MobileCoreServices.framework in Frameworks */ = {isa = PBXBuildFile; fileRef = 6EE004AF1A6C01A800BD3711 /* MobileCoreServices.framework */; };
		6EE004B21A6C01AF00BD3711 /* CoreTelephony.framework in Frameworks */ = {isa = PBXBuildFile; fileRef = 6EE004B11A6C01AF00BD3711 /* CoreTelephony.framework */; };
		6EE004B41A6C01B700BD3711 /* MapKit.framework in Frameworks */ = {isa = PBXBuildFile; fileRef = 6EE004B31A6C01B700BD3711 /* MapKit.framework */; };
		6EE004B61A6C01BE00BD3711 /* AudioToolbox.framework in Frameworks */ = {isa = PBXBuildFile; fileRef = 6EE004B51A6C01BE00BD3711 /* AudioToolbox.framework */; };
		6EE004B81A6C01C500BD3711 /* libz.dylib in Frameworks */ = {isa = PBXBuildFile; fileRef = 6EE004B71A6C01C500BD3711 /* libz.dylib */; };
		F783AD521ABBF0A6005431C5 /* libAppCanEngine_IOS.a in Frameworks */ = {isa = PBXBuildFile; fileRef = F783AD511ABBF0A6005431C5 /* libAppCanEngine_IOS.a */; };
/* End PBXBuildFile section */

/* Begin PBXCopyFilesBuildPhase section */
		6EE004371A6C007A00BD3711 /* CopyFiles */ = {
			isa = PBXCopyFilesBuildPhase;
			buildActionMask = 2147483647;
			dstPath = "include/$(PRODUCT_NAME)";
			dstSubfolderSpec = 16;
			files = (
			);
			runOnlyForDeploymentPostprocessing = 0;
		};
/* End PBXCopyFilesBuildPhase section */

/* Begin PBXFileReference section */
		6E8E222D1A792DFC00FA4FDC /* EUExBase.h */ = {isa = PBXFileReference; fileEncoding = 4; lastKnownFileType = sourcecode.c.h; path = EUExBase.h; sourceTree = "<group>"; };
		6E8E222E1A792DFC00FA4FDC /* EUExBaseDefine.h */ = {isa = PBXFileReference; fileEncoding = 4; lastKnownFileType = sourcecode.c.h; path = EUExBaseDefine.h; sourceTree = "<group>"; };
		6E8E222F1A792DFC00FA4FDC /* EUtility.h */ = {isa = PBXFileReference; fileEncoding = 4; lastKnownFileType = sourcecode.c.h; path = EUtility.h; sourceTree = "<group>"; };
		6EA84D971AA04CD7008C0905 /* ABCalendarPicker-Prefix.pch */ = {isa = PBXFileReference; fileEncoding = 4; lastKnownFileType = sourcecode.c.h; path = "ABCalendarPicker-Prefix.pch"; sourceTree = "<group>"; };
		6EA84D981AA04CD7008C0905 /* ABCalendarPicker.h */ = {isa = PBXFileReference; fileEncoding = 4; lastKnownFileType = sourcecode.c.h; path = ABCalendarPicker.h; sourceTree = "<group>"; };
		6EA84D991AA04CD7008C0905 /* ABCalendarPicker.m */ = {isa = PBXFileReference; fileEncoding = 4; lastKnownFileType = sourcecode.c.objc; path = ABCalendarPicker.m; sourceTree = "<group>"; };
		6EA84D9A1AA04CD7008C0905 /* ABCalendarPickerDataSourceProtocol.h */ = {isa = PBXFileReference; fileEncoding = 4; lastKnownFileType = sourcecode.c.h; path = ABCalendarPickerDataSourceProtocol.h; sourceTree = "<group>"; };
		6EA84D9B1AA04CD7008C0905 /* ABCalendarPickerDateProviderProtocol.h */ = {isa = PBXFileReference; fileEncoding = 4; lastKnownFileType = sourcecode.c.h; path = ABCalendarPickerDateProviderProtocol.h; sourceTree = "<group>"; };
		6EA84D9C1AA04CD7008C0905 /* ABCalendarPickerDefaultDaysProvider.h */ = {isa = PBXFileReference; fileEncoding = 4; lastKnownFileType = sourcecode.c.h; path = ABCalendarPickerDefaultDaysProvider.h; sourceTree = "<group>"; };
		6EA84D9D1AA04CD7008C0905 /* ABCalendarPickerDefaultDaysProvider.m */ = {isa = PBXFileReference; fileEncoding = 4; lastKnownFileType = sourcecode.c.objc; path = ABCalendarPickerDefaultDaysProvider.m; sourceTree = "<group>"; };
		6EA84D9E1AA04CD7008C0905 /* ABCalendarPickerDefaultErasProvider.h */ = {isa = PBXFileReference; fileEncoding = 4; lastKnownFileType = sourcecode.c.h; path = ABCalendarPickerDefaultErasProvider.h; sourceTree = "<group>"; };
		6EA84D9F1AA04CD7008C0905 /* ABCalendarPickerDefaultErasProvider.m */ = {isa = PBXFileReference; fileEncoding = 4; lastKnownFileType = sourcecode.c.objc; path = ABCalendarPickerDefaultErasProvider.m; sourceTree = "<group>"; };
		6EA84DA01AA04CD7008C0905 /* ABCalendarPickerDefaultMonthsProvider.h */ = {isa = PBXFileReference; fileEncoding = 4; lastKnownFileType = sourcecode.c.h; path = ABCalendarPickerDefaultMonthsProvider.h; sourceTree = "<group>"; };
		6EA84DA11AA04CD7008C0905 /* ABCalendarPickerDefaultMonthsProvider.m */ = {isa = PBXFileReference; fileEncoding = 4; lastKnownFileType = sourcecode.c.objc; path = ABCalendarPickerDefaultMonthsProvider.m; sourceTree = "<group>"; };
		6EA84DA21AA04CD7008C0905 /* ABCalendarPickerDefaultSeasonedMonthsProvider.h */ = {isa = PBXFileReference; fileEncoding = 4; lastKnownFileType = sourcecode.c.h; path = ABCalendarPickerDefaultSeasonedMonthsProvider.h; sourceTree = "<group>"; };
		6EA84DA31AA04CD7008C0905 /* ABCalendarPickerDefaultSeasonedMonthsProvider.m */ = {isa = PBXFileReference; fileEncoding = 4; lastKnownFileType = sourcecode.c.objc; path = ABCalendarPickerDefaultSeasonedMonthsProvider.m; sourceTree = "<group>"; };
		6EA84DA41AA04CD7008C0905 /* ABCalendarPickerDefaultStyleProvider.h */ = {isa = PBXFileReference; fileEncoding = 4; lastKnownFileType = sourcecode.c.h; path = ABCalendarPickerDefaultStyleProvider.h; sourceTree = "<group>"; };
		6EA84DA51AA04CD7008C0905 /* ABCalendarPickerDefaultStyleProvider.m */ = {isa = PBXFileReference; fileEncoding = 4; lastKnownFileType = sourcecode.c.objc; path = ABCalendarPickerDefaultStyleProvider.m; sourceTree = "<group>"; };
		6EA84DA61AA04CD7008C0905 /* ABCalendarPickerDefaultTripleWeekdaysProvider.h */ = {isa = PBXFileReference; fileEncoding = 4; lastKnownFileType = sourcecode.c.h; path = ABCalendarPickerDefaultTripleWeekdaysProvider.h; sourceTree = "<group>"; };
		6EA84DA71AA04CD7008C0905 /* ABCalendarPickerDefaultTripleWeekdaysProvider.m */ = {isa = PBXFileReference; fileEncoding = 4; lastKnownFileType = sourcecode.c.objc; path = ABCalendarPickerDefaultTripleWeekdaysProvider.m; sourceTree = "<group>"; };
		6EA84DA81AA04CD7008C0905 /* ABCalendarPickerDefaultWeekdaysProvider.h */ = {isa = PBXFileReference; fileEncoding = 4; lastKnownFileType = sourcecode.c.h; path = ABCalendarPickerDefaultWeekdaysProvider.h; sourceTree = "<group>"; };
		6EA84DA91AA04CD7008C0905 /* ABCalendarPickerDefaultWeekdaysProvider.m */ = {isa = PBXFileReference; fileEncoding = 4; lastKnownFileType = sourcecode.c.objc; path = ABCalendarPickerDefaultWeekdaysProvider.m; sourceTree = "<group>"; };
		6EA84DAA1AA04CD7008C0905 /* ABCalendarPickerDefaultYearsProvider.h */ = {isa = PBXFileReference; fileEncoding = 4; lastKnownFileType = sourcecode.c.h; path = ABCalendarPickerDefaultYearsProvider.h; sourceTree = "<group>"; };
		6EA84DAB1AA04CD7008C0905 /* ABCalendarPickerDefaultYearsProvider.m */ = {isa = PBXFileReference; fileEncoding = 4; lastKnownFileType = sourcecode.c.objc; path = ABCalendarPickerDefaultYearsProvider.m; sourceTree = "<group>"; };
		6EA84DAC1AA04CD7008C0905 /* ABCalendarPickerDelegateProtocol.h */ = {isa = PBXFileReference; fileEncoding = 4; lastKnownFileType = sourcecode.c.h; path = ABCalendarPickerDelegateProtocol.h; sourceTree = "<group>"; };
		6EA84DAD1AA04CD7008C0905 /* ABCalendarPickerStyleProviderProtocol.h */ = {isa = PBXFileReference; fileEncoding = 4; lastKnownFileType = sourcecode.c.h; path = ABCalendarPickerStyleProviderProtocol.h; sourceTree = "<group>"; };
		6EA84DAE1AA04CD7008C0905 /* ABViewPool.h */ = {isa = PBXFileReference; fileEncoding = 4; lastKnownFileType = sourcecode.c.h; path = ABViewPool.h; sourceTree = "<group>"; };
		6EA84DAF1AA04CD7008C0905 /* ABViewPool.m */ = {isa = PBXFileReference; fileEncoding = 4; lastKnownFileType = sourcecode.c.objc; path = ABViewPool.m; sourceTree = "<group>"; };
		6EA84DB01AA04CD7008C0905 /* UIMyButton.h */ = {isa = PBXFileReference; fileEncoding = 4; lastKnownFileType = sourcecode.c.h; path = UIMyButton.h; sourceTree = "<group>"; };
		6EA84DB11AA04CD7008C0905 /* UIMyButton.m */ = {isa = PBXFileReference; fileEncoding = 4; lastKnownFileType = sourcecode.c.objc; path = UIMyButton.m; sourceTree = "<group>"; };
		6EA84DBD1AA04CF0008C0905 /* EUExCalendarView.h */ = {isa = PBXFileReference; fileEncoding = 4; lastKnownFileType = sourcecode.c.h; name = EUExCalendarView.h; path = EUExCalendarView/EUExCalendarView.h; sourceTree = "<group>"; };
		6EA84DBE1AA04CF0008C0905 /* EUExCalendarView.m */ = {isa = PBXFileReference; fileEncoding = 4; lastKnownFileType = sourcecode.c.objc; name = EUExCalendarView.m; path = EUExCalendarView/EUExCalendarView.m; sourceTree = "<group>"; };
		6EB62BFB1A9F57C8009C238A /* EUExCalendarView-Prefix.pch */ = {isa = PBXFileReference; fileEncoding = 4; lastKnownFileType = sourcecode.c.h; path = "EUExCalendarView-Prefix.pch"; sourceTree = "<group>"; };
		6EE004391A6C007A00BD3711 /* uexCalendarView.dylib */ = {isa = PBXFileReference; explicitFileType = "compiled.mach-o.dylib"; includeInIndex = 0; path = uexCalendarView.dylib; sourceTree = BUILT_PRODUCTS_DIR; };
		6EE0043C1A6C007A00BD3711 /* Foundation.framework */ = {isa = PBXFileReference; lastKnownFileType = wrapper.framework; name = Foundation.framework; path = System/Library/Frameworks/Foundation.framework; sourceTree = SDKROOT; };
		6EE004661A6C00A400BD3711 /* JSON.h */ = {isa = PBXFileReference; fileEncoding = 4; lastKnownFileType = sourcecode.c.h; path = JSON.h; sourceTree = "<group>"; };
		6EE004691A6C00A400BD3711 /* NSObject+SBJson.h */ = {isa = PBXFileReference; fileEncoding = 4; lastKnownFileType = sourcecode.c.h; path = "NSObject+SBJson.h"; sourceTree = "<group>"; };
		6EE0046A1A6C00A400BD3711 /* SBJson.h */ = {isa = PBXFileReference; fileEncoding = 4; lastKnownFileType = sourcecode.c.h; path = SBJson.h; sourceTree = "<group>"; };
		6EE0046B1A6C00A400BD3711 /* SBJsonParser.h */ = {isa = PBXFileReference; fileEncoding = 4; lastKnownFileType = sourcecode.c.h; path = SBJsonParser.h; sourceTree = "<group>"; };
		6EE0046C1A6C00A400BD3711 /* SBJsonStreamParser.h */ = {isa = PBXFileReference; fileEncoding = 4; lastKnownFileType = sourcecode.c.h; path = SBJsonStreamParser.h; sourceTree = "<group>"; };
		6EE0046D1A6C00A400BD3711 /* SBJsonStreamParserAccumulator.h */ = {isa = PBXFileReference; fileEncoding = 4; lastKnownFileType = sourcecode.c.h; path = SBJsonStreamParserAccumulator.h; sourceTree = "<group>"; };
		6EE0046E1A6C00A400BD3711 /* SBJsonStreamParserAdapter.h */ = {isa = PBXFileReference; fileEncoding = 4; lastKnownFileType = sourcecode.c.h; path = SBJsonStreamParserAdapter.h; sourceTree = "<group>"; };
		6EE0046F1A6C00A400BD3711 /* SBJsonStreamParserState.h */ = {isa = PBXFileReference; fileEncoding = 4; lastKnownFileType = sourcecode.c.h; path = SBJsonStreamParserState.h; sourceTree = "<group>"; };
		6EE004701A6C00A400BD3711 /* SBJsonStreamWriter.h */ = {isa = PBXFileReference; fileEncoding = 4; lastKnownFileType = sourcecode.c.h; path = SBJsonStreamWriter.h; sourceTree = "<group>"; };
		6EE004711A6C00A400BD3711 /* SBJsonStreamWriterAccumulator.h */ = {isa = PBXFileReference; fileEncoding = 4; lastKnownFileType = sourcecode.c.h; path = SBJsonStreamWriterAccumulator.h; sourceTree = "<group>"; };
		6EE004721A6C00A400BD3711 /* SBJsonStreamWriterState.h */ = {isa = PBXFileReference; fileEncoding = 4; lastKnownFileType = sourcecode.c.h; path = SBJsonStreamWriterState.h; sourceTree = "<group>"; };
		6EE004731A6C00A400BD3711 /* SBJsonTokeniser.h */ = {isa = PBXFileReference; fileEncoding = 4; lastKnownFileType = sourcecode.c.h; path = SBJsonTokeniser.h; sourceTree = "<group>"; };
		6EE004741A6C00A400BD3711 /* SBJsonUTF8Stream.h */ = {isa = PBXFileReference; fileEncoding = 4; lastKnownFileType = sourcecode.c.h; path = SBJsonUTF8Stream.h; sourceTree = "<group>"; };
		6EE004751A6C00A400BD3711 /* SBJsonWriter.h */ = {isa = PBXFileReference; fileEncoding = 4; lastKnownFileType = sourcecode.c.h; path = SBJsonWriter.h; sourceTree = "<group>"; };
		6EE004761A6C00A400BD3711 /* WidgetOneDelegate.h */ = {isa = PBXFileReference; fileEncoding = 4; lastKnownFileType = sourcecode.c.h; path = WidgetOneDelegate.h; sourceTree = "<group>"; };
		6EE004A71A6C018300BD3711 /* libsqlite3.0.dylib */ = {isa = PBXFileReference; lastKnownFileType = "compiled.mach-o.dylib"; name = libsqlite3.0.dylib; path = usr/lib/libsqlite3.0.dylib; sourceTree = SDKROOT; };
		6EE004A91A6C018A00BD3711 /* QuartzCore.framework */ = {isa = PBXFileReference; lastKnownFileType = wrapper.framework; name = QuartzCore.framework; path = System/Library/Frameworks/QuartzCore.framework; sourceTree = SDKROOT; };
		6EE004AB1A6C019300BD3711 /* CoreGraphics.framework */ = {isa = PBXFileReference; lastKnownFileType = wrapper.framework; name = CoreGraphics.framework; path = System/Library/Frameworks/CoreGraphics.framework; sourceTree = SDKROOT; };
		6EE004AD1A6C01A100BD3711 /* SystemConfiguration.framework */ = {isa = PBXFileReference; lastKnownFileType = wrapper.framework; name = SystemConfiguration.framework; path = System/Library/Frameworks/SystemConfiguration.framework; sourceTree = SDKROOT; };
		6EE004AF1A6C01A800BD3711 /* MobileCoreServices.framework */ = {isa = PBXFileReference; lastKnownFileType = wrapper.framework; name = MobileCoreServices.framework; path = System/Library/Frameworks/MobileCoreServices.framework; sourceTree = SDKROOT; };
		6EE004B11A6C01AF00BD3711 /* CoreTelephony.framework */ = {isa = PBXFileReference; lastKnownFileType = wrapper.framework; name = CoreTelephony.framework; path = System/Library/Frameworks/CoreTelephony.framework; sourceTree = SDKROOT; };
		6EE004B31A6C01B700BD3711 /* MapKit.framework */ = {isa = PBXFileReference; lastKnownFileType = wrapper.framework; name = MapKit.framework; path = System/Library/Frameworks/MapKit.framework; sourceTree = SDKROOT; };
		6EE004B51A6C01BE00BD3711 /* AudioToolbox.framework */ = {isa = PBXFileReference; lastKnownFileType = wrapper.framework; name = AudioToolbox.framework; path = System/Library/Frameworks/AudioToolbox.framework; sourceTree = SDKROOT; };
		6EE004B71A6C01C500BD3711 /* libz.dylib */ = {isa = PBXFileReference; lastKnownFileType = "compiled.mach-o.dylib"; name = libz.dylib; path = usr/lib/libz.dylib; sourceTree = SDKROOT; };
		F783AD511ABBF0A6005431C5 /* libAppCanEngine_IOS.a */ = {isa = PBXFileReference; lastKnownFileType = archive.ar; name = libAppCanEngine_IOS.a; path = ../libAppCanEngine_IOS.a; sourceTree = "<group>"; };
/* End PBXFileReference section */

/* Begin PBXFrameworksBuildPhase section */
		6EE004361A6C007A00BD3711 /* Frameworks */ = {
			isa = PBXFrameworksBuildPhase;
			buildActionMask = 2147483647;
			files = (
				6EE004B81A6C01C500BD3711 /* libz.dylib in Frameworks */,
				6EE004B61A6C01BE00BD3711 /* AudioToolbox.framework in Frameworks */,
				6EE004B41A6C01B700BD3711 /* MapKit.framework in Frameworks */,
				F783AD521ABBF0A6005431C5 /* libAppCanEngine_IOS.a in Frameworks */,
				6EE004B21A6C01AF00BD3711 /* CoreTelephony.framework in Frameworks */,
				6EE004B01A6C01A800BD3711 /* MobileCoreServices.framework in Frameworks */,
				6EE004AE1A6C01A100BD3711 /* SystemConfiguration.framework in Frameworks */,
				6EE004AC1A6C019300BD3711 /* CoreGraphics.framework in Frameworks */,
				6EE004AA1A6C018A00BD3711 /* QuartzCore.framework in Frameworks */,
				6EE004A81A6C018300BD3711 /* libsqlite3.0.dylib in Frameworks */,
				6EE0043D1A6C007A00BD3711 /* Foundation.framework in Frameworks */,
			);
			runOnlyForDeploymentPostprocessing = 0;
		};
/* End PBXFrameworksBuildPhase section */

/* Begin PBXGroup section */
		6EA84D961AA04CD7008C0905 /* ABCalendarPicker */ = {
			isa = PBXGroup;
			children = (
				6EA84D971AA04CD7008C0905 /* ABCalendarPicker-Prefix.pch */,
				6EA84D981AA04CD7008C0905 /* ABCalendarPicker.h */,
				6EA84D991AA04CD7008C0905 /* ABCalendarPicker.m */,
				6EA84D9A1AA04CD7008C0905 /* ABCalendarPickerDataSourceProtocol.h */,
				6EA84D9B1AA04CD7008C0905 /* ABCalendarPickerDateProviderProtocol.h */,
				6EA84D9C1AA04CD7008C0905 /* ABCalendarPickerDefaultDaysProvider.h */,
				6EA84D9D1AA04CD7008C0905 /* ABCalendarPickerDefaultDaysProvider.m */,
				6EA84D9E1AA04CD7008C0905 /* ABCalendarPickerDefaultErasProvider.h */,
				6EA84D9F1AA04CD7008C0905 /* ABCalendarPickerDefaultErasProvider.m */,
				6EA84DA01AA04CD7008C0905 /* ABCalendarPickerDefaultMonthsProvider.h */,
				6EA84DA11AA04CD7008C0905 /* ABCalendarPickerDefaultMonthsProvider.m */,
				6EA84DA21AA04CD7008C0905 /* ABCalendarPickerDefaultSeasonedMonthsProvider.h */,
				6EA84DA31AA04CD7008C0905 /* ABCalendarPickerDefaultSeasonedMonthsProvider.m */,
				6EA84DA41AA04CD7008C0905 /* ABCalendarPickerDefaultStyleProvider.h */,
				6EA84DA51AA04CD7008C0905 /* ABCalendarPickerDefaultStyleProvider.m */,
				6EA84DA61AA04CD7008C0905 /* ABCalendarPickerDefaultTripleWeekdaysProvider.h */,
				6EA84DA71AA04CD7008C0905 /* ABCalendarPickerDefaultTripleWeekdaysProvider.m */,
				6EA84DA81AA04CD7008C0905 /* ABCalendarPickerDefaultWeekdaysProvider.h */,
				6EA84DA91AA04CD7008C0905 /* ABCalendarPickerDefaultWeekdaysProvider.m */,
				6EA84DAA1AA04CD7008C0905 /* ABCalendarPickerDefaultYearsProvider.h */,
				6EA84DAB1AA04CD7008C0905 /* ABCalendarPickerDefaultYearsProvider.m */,
				6EA84DAC1AA04CD7008C0905 /* ABCalendarPickerDelegateProtocol.h */,
				6EA84DAD1AA04CD7008C0905 /* ABCalendarPickerStyleProviderProtocol.h */,
				6EA84DAE1AA04CD7008C0905 /* ABViewPool.h */,
				6EA84DAF1AA04CD7008C0905 /* ABViewPool.m */,
				6EA84DB01AA04CD7008C0905 /* UIMyButton.h */,
				6EA84DB11AA04CD7008C0905 /* UIMyButton.m */,
			);
			name = ABCalendarPicker;
			path = EUExCalendarView/ABCalendarPicker;
			sourceTree = "<group>";
		};
		6EE004301A6C007A00BD3711 = {
			isa = PBXGroup;
			children = (
				6EE0043E1A6C007A00BD3711 /* EUExCalendarView */,
				6EE0043B1A6C007A00BD3711 /* Frameworks */,
				6EE0043A1A6C007A00BD3711 /* Products */,
			);
			sourceTree = "<group>";
		};
		6EE0043A1A6C007A00BD3711 /* Products */ = {
			isa = PBXGroup;
			children = (
				6EE004391A6C007A00BD3711 /* uexCalendarView.dylib */,
			);
			name = Products;
			sourceTree = "<group>";
		};
		6EE0043B1A6C007A00BD3711 /* Frameworks */ = {
			isa = PBXGroup;
			children = (
				6EE004B71A6C01C500BD3711 /* libz.dylib */,
				F783AD511ABBF0A6005431C5 /* libAppCanEngine_IOS.a */,
				6EE004B51A6C01BE00BD3711 /* AudioToolbox.framework */,
				6EE004B31A6C01B700BD3711 /* MapKit.framework */,
				6EE004B11A6C01AF00BD3711 /* CoreTelephony.framework */,
				6EE004AF1A6C01A800BD3711 /* MobileCoreServices.framework */,
				6EE004AD1A6C01A100BD3711 /* SystemConfiguration.framework */,
				6EE004AB1A6C019300BD3711 /* CoreGraphics.framework */,
				6EE004A91A6C018A00BD3711 /* QuartzCore.framework */,
				6EE004A71A6C018300BD3711 /* libsqlite3.0.dylib */,
				6EE0043C1A6C007A00BD3711 /* Foundation.framework */,
			);
			name = Frameworks;
			sourceTree = "<group>";
		};
		6EE0043E1A6C007A00BD3711 /* EUExCalendarView */ = {
			isa = PBXGroup;
			children = (
				6EA84DBD1AA04CF0008C0905 /* EUExCalendarView.h */,
				6EA84DBE1AA04CF0008C0905 /* EUExCalendarView.m */,
				6EA84D961AA04CD7008C0905 /* ABCalendarPicker */,
				6EE004621A6C00A400BD3711 /* engineHeader */,
				6EE0043F1A6C007A00BD3711 /* Supporting Files */,
			);
			path = EUExCalendarView;
			sourceTree = "<group>";
		};
		6EE0043F1A6C007A00BD3711 /* Supporting Files */ = {
			isa = PBXGroup;
			children = (
				6EB62BFB1A9F57C8009C238A /* EUExCalendarView-Prefix.pch */,
			);
			name = "Supporting Files";
			sourceTree = "<group>";
		};
		6EE004621A6C00A400BD3711 /* engineHeader */ = {
			isa = PBXGroup;
			children = (
				6E8E222D1A792DFC00FA4FDC /* EUExBase.h */,
				6E8E222E1A792DFC00FA4FDC /* EUExBaseDefine.h */,
				6E8E222F1A792DFC00FA4FDC /* EUtility.h */,
				6EE004661A6C00A400BD3711 /* JSON.h */,
				6EE004681A6C00A400BD3711 /* SBJson */,
				6EE004761A6C00A400BD3711 /* WidgetOneDelegate.h */,
			);
			path = engineHeader;
			sourceTree = "<group>";
		};
		6EE004681A6C00A400BD3711 /* SBJson */ = {
			isa = PBXGroup;
			children = (
				6EE004691A6C00A400BD3711 /* NSObject+SBJson.h */,
				6EE0046A1A6C00A400BD3711 /* SBJson.h */,
				6EE0046B1A6C00A400BD3711 /* SBJsonParser.h */,
				6EE0046C1A6C00A400BD3711 /* SBJsonStreamParser.h */,
				6EE0046D1A6C00A400BD3711 /* SBJsonStreamParserAccumulator.h */,
				6EE0046E1A6C00A400BD3711 /* SBJsonStreamParserAdapter.h */,
				6EE0046F1A6C00A400BD3711 /* SBJsonStreamParserState.h */,
				6EE004701A6C00A400BD3711 /* SBJsonStreamWriter.h */,
				6EE004711A6C00A400BD3711 /* SBJsonStreamWriterAccumulator.h */,
				6EE004721A6C00A400BD3711 /* SBJsonStreamWriterState.h */,
				6EE004731A6C00A400BD3711 /* SBJsonTokeniser.h */,
				6EE004741A6C00A400BD3711 /* SBJsonUTF8Stream.h */,
				6EE004751A6C00A400BD3711 /* SBJsonWriter.h */,
			);
			path = SBJson;
			sourceTree = "<group>";
		};
/* End PBXGroup section */

/* Begin PBXNativeTarget section */
		6EE004381A6C007A00BD3711 /* uexCalendarView */ = {
			isa = PBXNativeTarget;
			buildConfigurationList = 6EE0045C1A6C007A00BD3711 /* Build configuration list for PBXNativeTarget "uexCalendarView" */;
			buildPhases = (
				6EE004351A6C007A00BD3711 /* Sources */,
				6EE004361A6C007A00BD3711 /* Frameworks */,
				6EE004371A6C007A00BD3711 /* CopyFiles */,
			);
			buildRules = (
			);
			dependencies = (
			);
			name = uexCalendarView;
			productName = EUExCalendarView;
			productReference = 6EE004391A6C007A00BD3711 /* uexCalendarView.dylib */;
			productType = "com.apple.product-type.library.dynamic";
		};
/* End PBXNativeTarget section */

/* Begin PBXProject section */
		6EE004311A6C007A00BD3711 /* Project object */ = {
			isa = PBXProject;
			attributes = {
				LastUpgradeCheck = 0510;
				ORGANIZATIONNAME = hongbao.cui;
			};
			buildConfigurationList = 6EE004341A6C007A00BD3711 /* Build configuration list for PBXProject "uexCalendarView" */;
			compatibilityVersion = "Xcode 3.2";
			developmentRegion = English;
			hasScannedForEncodings = 0;
			knownRegions = (
				en,
			);
			mainGroup = 6EE004301A6C007A00BD3711;
			productRefGroup = 6EE0043A1A6C007A00BD3711 /* Products */;
			projectDirPath = "";
			projectRoot = "";
			targets = (
				6EE004381A6C007A00BD3711 /* uexCalendarView */,
			);
		};
/* End PBXProject section */

/* Begin PBXSourcesBuildPhase section */
		6EE004351A6C007A00BD3711 /* Sources */ = {
			isa = PBXSourcesBuildPhase;
			buildActionMask = 2147483647;
			files = (
				6EA84DB61AA04CD7008C0905 /* ABCalendarPickerDefaultSeasonedMonthsProvider.m in Sources */,
				6EA84DB31AA04CD7008C0905 /* ABCalendarPickerDefaultDaysProvider.m in Sources */,
				6EA84DBC1AA04CD7008C0905 /* UIMyButton.m in Sources */,
				6EA84DBB1AA04CD7008C0905 /* ABViewPool.m in Sources */,
				6EA84DBF1AA04CF0008C0905 /* EUExCalendarView.m in Sources */,
				6EA84DB41AA04CD7008C0905 /* ABCalendarPickerDefaultErasProvider.m in Sources */,
				6EA84DB51AA04CD7008C0905 /* ABCalendarPickerDefaultMonthsProvider.m in Sources */,
				6EA84DB71AA04CD7008C0905 /* ABCalendarPickerDefaultStyleProvider.m in Sources */,
				6EA84DB91AA04CD7008C0905 /* ABCalendarPickerDefaultWeekdaysProvider.m in Sources */,
				6EA84DBA1AA04CD7008C0905 /* ABCalendarPickerDefaultYearsProvider.m in Sources */,
				6EA84DB21AA04CD7008C0905 /* ABCalendarPicker.m in Sources */,
				6EA84DB81AA04CD7008C0905 /* ABCalendarPickerDefaultTripleWeekdaysProvider.m in Sources */,
			);
			runOnlyForDeploymentPostprocessing = 0;
		};
/* End PBXSourcesBuildPhase section */

/* Begin XCBuildConfiguration section */
		6EE0045A1A6C007A00BD3711 /* Debug */ = {
			isa = XCBuildConfiguration;
			buildSettings = {
				ALWAYS_SEARCH_USER_PATHS = NO;
				CLANG_CXX_LANGUAGE_STANDARD = "gnu++0x";
				CLANG_CXX_LIBRARY = "libc++";
				CLANG_ENABLE_MODULES = YES;
				CLANG_ENABLE_OBJC_ARC = YES;
				CLANG_WARN_BOOL_CONVERSION = YES;
				CLANG_WARN_CONSTANT_CONVERSION = YES;
				CLANG_WARN_DIRECT_OBJC_ISA_USAGE = YES_ERROR;
				CLANG_WARN_EMPTY_BODY = YES;
				CLANG_WARN_ENUM_CONVERSION = YES;
				CLANG_WARN_INT_CONVERSION = YES;
				CLANG_WARN_OBJC_ROOT_CLASS = YES_ERROR;
				CLANG_WARN__DUPLICATE_METHOD_MATCH = YES;
				CONFIGURATION_BUILD_DIR = "$(SRCROOT)/uexCalendarView";
				COPY_PHASE_STRIP = NO;
				GCC_C_LANGUAGE_STANDARD = gnu99;
				GCC_DYNAMIC_NO_PIC = NO;
				GCC_OPTIMIZATION_LEVEL = 0;
				GCC_PREPROCESSOR_DEFINITIONS = (
					"DEBUG=1",
					"$(inherited)",
				);
				GCC_SYMBOLS_PRIVATE_EXTERN = NO;
				GCC_WARN_64_TO_32_BIT_CONVERSION = YES;
				GCC_WARN_ABOUT_RETURN_TYPE = YES_ERROR;
				GCC_WARN_UNDECLARED_SELECTOR = YES;
				GCC_WARN_UNINITIALIZED_AUTOS = YES_AGGRESSIVE;
				GCC_WARN_UNUSED_FUNCTION = YES;
				GCC_WARN_UNUSED_VARIABLE = YES;
				IPHONEOS_DEPLOYMENT_TARGET = 5.1.1;
				ONLY_ACTIVE_ARCH = NO;
				PRODUCT_NAME = uexCalendarView;
				SDKROOT = iphoneos;
				VALID_ARCHS = "armv7 armv7s";
			};
			name = Debug;
		};
		6EE0045B1A6C007A00BD3711 /* Release */ = {
			isa = XCBuildConfiguration;
			buildSettings = {
				ALWAYS_SEARCH_USER_PATHS = NO;
				CLANG_CXX_LANGUAGE_STANDARD = "gnu++0x";
				CLANG_CXX_LIBRARY = "libc++";
				CLANG_ENABLE_MODULES = YES;
				CLANG_ENABLE_OBJC_ARC = YES;
				CLANG_WARN_BOOL_CONVERSION = YES;
				CLANG_WARN_CONSTANT_CONVERSION = YES;
				CLANG_WARN_DIRECT_OBJC_ISA_USAGE = YES_ERROR;
				CLANG_WARN_EMPTY_BODY = YES;
				CLANG_WARN_ENUM_CONVERSION = YES;
				CLANG_WARN_INT_CONVERSION = YES;
				CLANG_WARN_OBJC_ROOT_CLASS = YES_ERROR;
				CLANG_WARN__DUPLICATE_METHOD_MATCH = YES;
				CONFIGURATION_BUILD_DIR = "$(SRCROOT)/uexCalendarView";
				COPY_PHASE_STRIP = YES;
				ENABLE_NS_ASSERTIONS = NO;
				GCC_C_LANGUAGE_STANDARD = gnu99;
				GCC_WARN_64_TO_32_BIT_CONVERSION = YES;
				GCC_WARN_ABOUT_RETURN_TYPE = YES_ERROR;
				GCC_WARN_UNDECLARED_SELECTOR = YES;
				GCC_WARN_UNINITIALIZED_AUTOS = YES_AGGRESSIVE;
				GCC_WARN_UNUSED_FUNCTION = YES;
				GCC_WARN_UNUSED_VARIABLE = YES;
				IPHONEOS_DEPLOYMENT_TARGET = 5.1.1;
				ONLY_ACTIVE_ARCH = NO;
				PRODUCT_NAME = uexCalendarView;
				SDKROOT = iphoneos;
				VALIDATE_PRODUCT = YES;
				VALID_ARCHS = "armv7 armv7s";
			};
			name = Release;
		};
		6EE0045D1A6C007A00BD3711 /* Debug */ = {
			isa = XCBuildConfiguration;
			buildSettings = {
				ARCHS = (
					armv7,
					arm64,
				);
				CLANG_ENABLE_OBJC_ARC = NO;
				CODE_SIGN_IDENTITY = "iPhone Developer: leilei xu (T8E4RVNP82)";
				DSTROOT = /tmp/EUExCalendarView.dst;
				GCC_PRECOMPILE_PREFIX_HEADER = YES;
				GCC_PREFIX_HEADER = "EUExCalendarView/EUExCalendarView-Prefix.pch";
				LIBRARY_SEARCH_PATHS = (
					"$(inherited)",
					"$(SRCROOT)/../",
				);
				ONLY_ACTIVE_ARCH = NO;
				OTHER_LDFLAGS = "-ObjC";
				PRODUCT_NAME = uexCalendarView;
				PROVISIONING_PROFILE = "";
				SKIP_INSTALL = YES;
				VALID_ARCHS = "armv7s armv7";
			};
			name = Debug;
		};
		6EE0045E1A6C007A00BD3711 /* Release */ = {
			isa = XCBuildConfiguration;
			buildSettings = {
				ARCHS = (
					armv7,
					arm64,
				);
				CLANG_ENABLE_OBJC_ARC = NO;
				CODE_SIGN_IDENTITY = "iPhone Developer: leilei xu (T8E4RVNP82)";
				DSTROOT = /tmp/EUExCalendarView.dst;
				GCC_PRECOMPILE_PREFIX_HEADER = YES;
				GCC_PREFIX_HEADER = "EUExCalendarView/EUExCalendarView-Prefix.pch";
				LIBRARY_SEARCH_PATHS = (
					"$(inherited)",
					"$(SRCROOT)/../",
				);
				ONLY_ACTIVE_ARCH = NO;
				OTHER_LDFLAGS = "-ObjC";
				PRODUCT_NAME = uexCalendarView;
				PROVISIONING_PROFILE = "";
				SKIP_INSTALL = YES;
				VALID_ARCHS = "armv7s armv7";
			};
			name = Release;
		};
/* End XCBuildConfiguration section */

/* Begin XCConfigurationList section */
		6EE004341A6C007A00BD3711 /* Build configuration list for PBXProject "uexCalendarView" */ = {
			isa = XCConfigurationList;
			buildConfigurations = (
				6EE0045A1A6C007A00BD3711 /* Debug */,
				6EE0045B1A6C007A00BD3711 /* Release */,
			);
			defaultConfigurationIsVisible = 0;
			defaultConfigurationName = Release;
		};
		6EE0045C1A6C007A00BD3711 /* Build configuration list for PBXNativeTarget "uexCalendarView" */ = {
			isa = XCConfigurationList;
			buildConfigurations = (
				6EE0045D1A6C007A00BD3711 /* Debug */,
				6EE0045E1A6C007A00BD3711 /* Release */,
			);
			defaultConfigurationIsVisible = 0;
			defaultConfigurationName = Release;
		};
/* End XCConfigurationList section */
	};
	rootObject = 6EE004311A6C007A00BD3711 /* Project object */;
}
